// !$*UTF8*$!
{
	archiveVersion = 1;
	classes = {
	};
	objectVersion = 50;
	objects = {

/* Begin PBXBuildFile section */
		6103F7C8230E33A200C1D1CA /* PKBaseLandscapeViewController.m in Sources */ = {isa = PBXBuildFile; fileRef = 6103F7C7230E33A200C1D1CA /* PKBaseLandscapeViewController.m */; };
		6103F7CB230E33BA00C1D1CA /* PKLandscapeViewController.m in Sources */ = {isa = PBXBuildFile; fileRef = 6103F7CA230E33BA00C1D1CA /* PKLandscapeViewController.m */; };
		6103F7CF230E6AD700C1D1CA /* PKLandscapeTopTextView.m in Sources */ = {isa = PBXBuildFile; fileRef = 6103F7CE230E6AD700C1D1CA /* PKLandscapeTopTextView.m */; };
		6103F7D3230E76C200C1D1CA /* PKLandscapeViewController+Extend.m in Sources */ = {isa = PBXBuildFile; fileRef = 6103F7D2230E76C200C1D1CA /* PKLandscapeViewController+Extend.m */; };
		6103F7D5230EAFD300C1D1CA /* pk_times_data.plist in Resources */ = {isa = PBXBuildFile; fileRef = 6103F7D4230EAFD300C1D1CA /* pk_times_data.plist */; };
		6103F7D7230FD5AA00C1D1CA /* pk_dayKline_data.plist in Resources */ = {isa = PBXBuildFile; fileRef = 6103F7D6230FD5AA00C1D1CA /* pk_dayKline_data.plist */; };
		611EF6D622E31AF100F6AAFC /* PKIndicatorPSYLayer.m in Sources */ = {isa = PBXBuildFile; fileRef = 611EF68E22E31AF000F6AAFC /* PKIndicatorPSYLayer.m */; };
		611EF6D722E31AF100F6AAFC /* PKIndicatorWVADLayer.m in Sources */ = {isa = PBXBuildFile; fileRef = 611EF69422E31AF000F6AAFC /* PKIndicatorWVADLayer.m */; };
		611EF6D822E31AF100F6AAFC /* PKIndicatorDMILayer.m in Sources */ = {isa = PBXBuildFile; fileRef = 611EF69822E31AF000F6AAFC /* PKIndicatorDMILayer.m */; };
		611EF6D922E31AF100F6AAFC /* PKIndicatorCycler.m in Sources */ = {isa = PBXBuildFile; fileRef = 611EF69922E31AF000F6AAFC /* PKIndicatorCycler.m */; };
		611EF6DA22E31AF100F6AAFC /* PKIndicatorTRIXLayer.m in Sources */ = {isa = PBXBuildFile; fileRef = 611EF69C22E31AF000F6AAFC /* PKIndicatorTRIXLayer.m */; };
		611EF6DB22E31AF100F6AAFC /* PKIndicatorKDJLayer.m in Sources */ = {isa = PBXBuildFile; fileRef = 611EF69D22E31AF000F6AAFC /* PKIndicatorKDJLayer.m */; };
		611EF6DC22E31AF100F6AAFC /* PKIndicatorOBVLayer.m in Sources */ = {isa = PBXBuildFile; fileRef = 611EF69E22E31AF000F6AAFC /* PKIndicatorOBVLayer.m */; };
		611EF6DD22E31AF100F6AAFC /* PKIndicatorEMALayer.m in Sources */ = {isa = PBXBuildFile; fileRef = 611EF6A022E31AF000F6AAFC /* PKIndicatorEMALayer.m */; };
		611EF6DE22E31AF100F6AAFC /* PKIndicatorDMALayer.m in Sources */ = {isa = PBXBuildFile; fileRef = 611EF6A122E31AF000F6AAFC /* PKIndicatorDMALayer.m */; };
		611EF6DF22E31AF100F6AAFC /* PKIndicatorIdentifier.m in Sources */ = {isa = PBXBuildFile; fileRef = 611EF6A522E31AF000F6AAFC /* PKIndicatorIdentifier.m */; };
		611EF6E022E31AF100F6AAFC /* PKIndicatorMACDLayer.m in Sources */ = {isa = PBXBuildFile; fileRef = 611EF6A622E31AF000F6AAFC /* PKIndicatorMACDLayer.m */; };
		611EF6E122E31AF100F6AAFC /* PKIndicatorCRLayer.m in Sources */ = {isa = PBXBuildFile; fileRef = 611EF6AA22E31AF000F6AAFC /* PKIndicatorCRLayer.m */; };
		611EF6E222E31AF100F6AAFC /* PKIndicatorVRLayer.m in Sources */ = {isa = PBXBuildFile; fileRef = 611EF6AB22E31AF000F6AAFC /* PKIndicatorVRLayer.m */; };
		611EF6E322E31AF100F6AAFC /* PKIndicatorBaseLayer.m in Sources */ = {isa = PBXBuildFile; fileRef = 611EF6AD22E31AF000F6AAFC /* PKIndicatorBaseLayer.m */; };
		611EF6E422E31AF100F6AAFC /* PKIndicatorBIASLayer.m in Sources */ = {isa = PBXBuildFile; fileRef = 611EF6AE22E31AF000F6AAFC /* PKIndicatorBIASLayer.m */; };
		611EF6E522E31AF100F6AAFC /* PKIndicatorASILayer.m in Sources */ = {isa = PBXBuildFile; fileRef = 611EF6AF22E31AF000F6AAFC /* PKIndicatorASILayer.m */; };
		611EF6E622E31AF100F6AAFC /* PKIndicatorROCLayer.m in Sources */ = {isa = PBXBuildFile; fileRef = 611EF6B022E31AF000F6AAFC /* PKIndicatorROCLayer.m */; };
		611EF6E722E31AF100F6AAFC /* PKIndicatorWRLayer.m in Sources */ = {isa = PBXBuildFile; fileRef = 611EF6B422E31AF000F6AAFC /* PKIndicatorWRLayer.m */; };
		611EF6E822E31AF100F6AAFC /* PKIndicatorMALayer.m in Sources */ = {isa = PBXBuildFile; fileRef = 611EF6B722E31AF000F6AAFC /* PKIndicatorMALayer.m */; };
		611EF6E922E31AF100F6AAFC /* PKIndicatorRSILayer.m in Sources */ = {isa = PBXBuildFile; fileRef = 611EF6BB22E31AF000F6AAFC /* PKIndicatorRSILayer.m */; };
		611EF6EA22E31AF100F6AAFC /* PKIndicatorCCILayer.m in Sources */ = {isa = PBXBuildFile; fileRef = 611EF6BC22E31AF000F6AAFC /* PKIndicatorCCILayer.m */; };
		611EF6EB22E31AF100F6AAFC /* PKIndicatorChartSet.m in Sources */ = {isa = PBXBuildFile; fileRef = 611EF6BD22E31AF000F6AAFC /* PKIndicatorChartSet.m */; };
		611EF6EC22E31AF100F6AAFC /* PKIndicatorSARLayer.m in Sources */ = {isa = PBXBuildFile; fileRef = 611EF6BE22E31AF000F6AAFC /* PKIndicatorSARLayer.m */; };
		611EF6ED22E31AF100F6AAFC /* PKIndicatorVOLLayer.m in Sources */ = {isa = PBXBuildFile; fileRef = 611EF6BF22E31AF000F6AAFC /* PKIndicatorVOLLayer.m */; };
		611EF6EE22E31AF100F6AAFC /* PKIndicatorEMVLayer.m in Sources */ = {isa = PBXBuildFile; fileRef = 611EF6C222E31AF000F6AAFC /* PKIndicatorEMVLayer.m */; };
		611EF6EF22E31AF100F6AAFC /* PKIndicatorBOLLLayer.m in Sources */ = {isa = PBXBuildFile; fileRef = 611EF6C322E31AF000F6AAFC /* PKIndicatorBOLLLayer.m */; };
		611EF6F022E31AF100F6AAFC /* PKIndicatorBRARLayer.m in Sources */ = {isa = PBXBuildFile; fileRef = 611EF6C422E31AF000F6AAFC /* PKIndicatorBRARLayer.m */; };
		611EF6F122E31AF100F6AAFC /* PKKLineBaseChart.m in Sources */ = {isa = PBXBuildFile; fileRef = 611EF6C822E31AF000F6AAFC /* PKKLineBaseChart.m */; };
		611EF6F222E31AF100F6AAFC /* PKKLineChartSet.m in Sources */ = {isa = PBXBuildFile; fileRef = 611EF6CA22E31AF000F6AAFC /* PKKLineChartSet.m */; };
		611EF6F322E31AF100F6AAFC /* PKKLineChart.m in Sources */ = {isa = PBXBuildFile; fileRef = 611EF6CB22E31AF000F6AAFC /* PKKLineChart.m */; };
		611EF6F422E31AF100F6AAFC /* PKKLineLoadingView.m in Sources */ = {isa = PBXBuildFile; fileRef = 611EF6CD22E31AF000F6AAFC /* PKKLineLoadingView.m */; };
		611EF6F522E31AF100F6AAFC /* PKIndicatorCacheItem.m in Sources */ = {isa = PBXBuildFile; fileRef = 611EF6D022E31AF000F6AAFC /* PKIndicatorCacheItem.m */; };
		611EF6F622E31AF100F6AAFC /* NSArray+PKIndicatorCacheCalculator.m in Sources */ = {isa = PBXBuildFile; fileRef = 611EF6D122E31AF000F6AAFC /* NSArray+PKIndicatorCacheCalculator.m */; };
		611EF6F722E31AF100F6AAFC /* PKIndicatorCacheCalculator.m in Sources */ = {isa = PBXBuildFile; fileRef = 611EF6D222E31AF000F6AAFC /* PKIndicatorCacheCalculator.m */; };
		611EF77422EEB50800F6AAFC /* PKAsyncTimeLayer.m in Sources */ = {isa = PBXBuildFile; fileRef = 611EF77322EEB50800F6AAFC /* PKAsyncTimeLayer.m */; };
		611EF78622F166EE00F6AAFC /* PKAsyncTimeChart.m in Sources */ = {isa = PBXBuildFile; fileRef = 611EF78522F166EE00F6AAFC /* PKAsyncTimeChart.m */; };
		613A8E2C22D71438006A19CA /* PKExample1ViewController.m in Sources */ = {isa = PBXBuildFile; fileRef = 613A8E2B22D71438006A19CA /* PKExample1ViewController.m */; };
		613A8E4022D7170E006A19CA /* NSArray+PKStockChart.m in Sources */ = {isa = PBXBuildFile; fileRef = 613A8E3122D7170C006A19CA /* NSArray+PKStockChart.m */; };
		613A8E4122D7170E006A19CA /* UIBezierPath+PKStockChart.m in Sources */ = {isa = PBXBuildFile; fileRef = 613A8E3222D7170C006A19CA /* UIBezierPath+PKStockChart.m */; };
		613A8E4222D7170E006A19CA /* NSDate+PKStockChart.m in Sources */ = {isa = PBXBuildFile; fileRef = 613A8E3522D7170D006A19CA /* NSDate+PKStockChart.m */; };
		613A8E4422D7170E006A19CA /* NSMutableAttributedString+PKStockChart.m in Sources */ = {isa = PBXBuildFile; fileRef = 613A8E3A22D7170D006A19CA /* NSMutableAttributedString+PKStockChart.m */; };
		613A8E4522D7170E006A19CA /* PKChartTextLayer.m in Sources */ = {isa = PBXBuildFile; fileRef = 613A8E3B22D7170D006A19CA /* PKChartTextLayer.m */; };
		613A8E4622D7170E006A19CA /* NSNumber+PKStockChart.m in Sources */ = {isa = PBXBuildFile; fileRef = 613A8E3C22D7170D006A19CA /* NSNumber+PKStockChart.m */; };
		613A8E4722D7170E006A19CA /* PKChartCrosshairView.m in Sources */ = {isa = PBXBuildFile; fileRef = 613A8E3D22D7170D006A19CA /* PKChartCrosshairView.m */; };
		613A8E4822D7170E006A19CA /* PKChartConst.m in Sources */ = {isa = PBXBuildFile; fileRef = 613A8E3E22D7170D006A19CA /* PKChartConst.m */; };
		613A8E5522D71BB8006A19CA /* PKTimeBaseChart.m in Sources */ = {isa = PBXBuildFile; fileRef = 613A8E4C22D71BB7006A19CA /* PKTimeBaseChart.m */; };
		613A8E5622D71BB8006A19CA /* PKTimeChart.m in Sources */ = {isa = PBXBuildFile; fileRef = 613A8E4D22D71BB7006A19CA /* PKTimeChart.m */; };
		613A8E5722D71BB8006A19CA /* PKTimeChartSet.m in Sources */ = {isa = PBXBuildFile; fileRef = 613A8E4E22D71BB7006A19CA /* PKTimeChartSet.m */; };
		613A8E5822D71BB8006A19CA /* PKChartFlashingView.m in Sources */ = {isa = PBXBuildFile; fileRef = 613A8E5122D71BB8006A19CA /* PKChartFlashingView.m */; };
		613A8E5F22D7209F006A19CA /* PKSegmentedControl.m in Sources */ = {isa = PBXBuildFile; fileRef = 613A8E5B22D7209F006A19CA /* PKSegmentedControl.m */; };
		613A8E6022D7209F006A19CA /* PKSegmentedSlideControl.m in Sources */ = {isa = PBXBuildFile; fileRef = 613A8E5D22D7209F006A19CA /* PKSegmentedSlideControl.m */; };
		61AA71F922D80FE3005E714A /* PKStockObjects.m in Sources */ = {isa = PBXBuildFile; fileRef = 61AA71F822D80FE3005E714A /* PKStockObjects.m */; };
		61AD16F722FC1C3C00EF0D06 /* PKTimePileBaseLayer.m in Sources */ = {isa = PBXBuildFile; fileRef = 61AD16F622FC1C3C00EF0D06 /* PKTimePileBaseLayer.m */; };
		61AD16FA22FD3FB100EF0D06 /* PKChartGradientLayer.m in Sources */ = {isa = PBXBuildFile; fileRef = 61AD16F922FD3FB100EF0D06 /* PKChartGradientLayer.m */; };
		61AD16FD2302589900EF0D06 /* PKTimePileTapeLayer.m in Sources */ = {isa = PBXBuildFile; fileRef = 61AD16FC2302589900EF0D06 /* PKTimePileTapeLayer.m */; };
		61AD17002302A53400EF0D06 /* PKTimePileIndexLayer.m in Sources */ = {isa = PBXBuildFile; fileRef = 61AD16FF2302A53400EF0D06 /* PKTimePileIndexLayer.m */; };
		61CC99EC22D75280004FC918 /* NSValue+PKGeometry.m in Sources */ = {isa = PBXBuildFile; fileRef = 61CC99EB22D75280004FC918 /* NSValue+PKGeometry.m */; };
		61D0C46C22D2DA8A009FEABD /* AppDelegate.m in Sources */ = {isa = PBXBuildFile; fileRef = 61D0C46B22D2DA8A009FEABD /* AppDelegate.m */; };
		61D0C46F22D2DA8A009FEABD /* ViewController.m in Sources */ = {isa = PBXBuildFile; fileRef = 61D0C46E22D2DA8A009FEABD /* ViewController.m */; };
		61D0C47222D2DA8A009FEABD /* Main.storyboard in Resources */ = {isa = PBXBuildFile; fileRef = 61D0C47022D2DA8A009FEABD /* Main.storyboard */; };
		61D0C47422D2DA8C009FEABD /* Assets.xcassets in Resources */ = {isa = PBXBuildFile; fileRef = 61D0C47322D2DA8C009FEABD /* Assets.xcassets */; };
		61D0C47722D2DA8C009FEABD /* LaunchScreen.storyboard in Resources */ = {isa = PBXBuildFile; fileRef = 61D0C47522D2DA8C009FEABD /* LaunchScreen.storyboard */; };
		61D0C47A22D2DA8C009FEABD /* main.m in Sources */ = {isa = PBXBuildFile; fileRef = 61D0C47922D2DA8C009FEABD /* main.m */; };
		61D0C48422D2DA8C009FEABD /* PKStockChartsTests.m in Sources */ = {isa = PBXBuildFile; fileRef = 61D0C48322D2DA8C009FEABD /* PKStockChartsTests.m */; };
		61D0C48F22D2DA8C009FEABD /* PKStockChartsUITests.m in Sources */ = {isa = PBXBuildFile; fileRef = 61D0C48E22D2DA8C009FEABD /* PKStockChartsUITests.m */; };
		CEAFD1FB6EC0E3124319A77C /* libPods-PKStockCharts.a in Frameworks */ = {isa = PBXBuildFile; fileRef = B39518585D872658AE87DF19 /* libPods-PKStockCharts.a */; };
/* End PBXBuildFile section */

/* Begin PBXContainerItemProxy section */
		61D0C48022D2DA8C009FEABD /* PBXContainerItemProxy */ = {
			isa = PBXContainerItemProxy;
			containerPortal = 61D0C45F22D2DA8A009FEABD /* Project object */;
			proxyType = 1;
			remoteGlobalIDString = 61D0C46622D2DA8A009FEABD;
			remoteInfo = PKStockCharts;
		};
		61D0C48B22D2DA8C009FEABD /* PBXContainerItemProxy */ = {
			isa = PBXContainerItemProxy;
			containerPortal = 61D0C45F22D2DA8A009FEABD /* Project object */;
			proxyType = 1;
			remoteGlobalIDString = 61D0C46622D2DA8A009FEABD;
			remoteInfo = PKStockCharts;
		};
/* End PBXContainerItemProxy section */

/* Begin PBXFileReference section */
		3C1E44A037234B09D13DBD2D /* Pods-PKStockCharts.release.xcconfig */ = {isa = PBXFileReference; includeInIndex = 1; lastKnownFileType = text.xcconfig; name = "Pods-PKStockCharts.release.xcconfig"; path = "Pods/Target Support Files/Pods-PKStockCharts/Pods-PKStockCharts.release.xcconfig"; sourceTree = "<group>"; };
		6103F7C6230E33A200C1D1CA /* PKBaseLandscapeViewController.h */ = {isa = PBXFileReference; lastKnownFileType = sourcecode.c.h; path = PKBaseLandscapeViewController.h; sourceTree = "<group>"; };
		6103F7C7230E33A200C1D1CA /* PKBaseLandscapeViewController.m */ = {isa = PBXFileReference; lastKnownFileType = sourcecode.c.objc; path = PKBaseLandscapeViewController.m; sourceTree = "<group>"; };
		6103F7C9230E33BA00C1D1CA /* PKLandscapeViewController.h */ = {isa = PBXFileReference; lastKnownFileType = sourcecode.c.h; path = PKLandscapeViewController.h; sourceTree = "<group>"; };
		6103F7CA230E33BA00C1D1CA /* PKLandscapeViewController.m */ = {isa = PBXFileReference; lastKnownFileType = sourcecode.c.objc; path = PKLandscapeViewController.m; sourceTree = "<group>"; };
		6103F7CD230E6AD700C1D1CA /* PKLandscapeTopTextView.h */ = {isa = PBXFileReference; lastKnownFileType = sourcecode.c.h; path = PKLandscapeTopTextView.h; sourceTree = "<group>"; };
		6103F7CE230E6AD700C1D1CA /* PKLandscapeTopTextView.m */ = {isa = PBXFileReference; lastKnownFileType = sourcecode.c.objc; path = PKLandscapeTopTextView.m; sourceTree = "<group>"; };
		6103F7D0230E6C3E00C1D1CA /* PKStockChartsPrefixHeader.pch */ = {isa = PBXFileReference; lastKnownFileType = sourcecode.c.h; path = PKStockChartsPrefixHeader.pch; sourceTree = "<group>"; };
		6103F7D1230E76C200C1D1CA /* PKLandscapeViewController+Extend.h */ = {isa = PBXFileReference; lastKnownFileType = sourcecode.c.h; path = "PKLandscapeViewController+Extend.h"; sourceTree = "<group>"; };
		6103F7D2230E76C200C1D1CA /* PKLandscapeViewController+Extend.m */ = {isa = PBXFileReference; lastKnownFileType = sourcecode.c.objc; path = "PKLandscapeViewController+Extend.m"; sourceTree = "<group>"; };
		6103F7D4230EAFD300C1D1CA /* pk_times_data.plist */ = {isa = PBXFileReference; fileEncoding = 4; lastKnownFileType = text.plist.xml; path = pk_times_data.plist; sourceTree = "<group>"; };
		6103F7D6230FD5AA00C1D1CA /* pk_dayKline_data.plist */ = {isa = PBXFileReference; fileEncoding = 4; lastKnownFileType = text.plist.xml; path = pk_dayKline_data.plist; sourceTree = "<group>"; };
		611EF68E22E31AF000F6AAFC /* PKIndicatorPSYLayer.m */ = {isa = PBXFileReference; fileEncoding = 4; lastKnownFileType = sourcecode.c.objc; path = PKIndicatorPSYLayer.m; sourceTree = "<group>"; };
		611EF68F22E31AF000F6AAFC /* PKIndicatorASILayer.h */ = {isa = PBXFileReference; fileEncoding = 4; lastKnownFileType = sourcecode.c.h; path = PKIndicatorASILayer.h; sourceTree = "<group>"; };
		611EF69022E31AF000F6AAFC /* PKIndicatorROCLayer.h */ = {isa = PBXFileReference; fileEncoding = 4; lastKnownFileType = sourcecode.c.h; path = PKIndicatorROCLayer.h; sourceTree = "<group>"; };
		611EF69122E31AF000F6AAFC /* PKIndicatorBIASLayer.h */ = {isa = PBXFileReference; fileEncoding = 4; lastKnownFileType = sourcecode.c.h; path = PKIndicatorBIASLayer.h; sourceTree = "<group>"; };
		611EF69222E31AF000F6AAFC /* PKIndicatorBaseLayer.h */ = {isa = PBXFileReference; fileEncoding = 4; lastKnownFileType = sourcecode.c.h; path = PKIndicatorBaseLayer.h; sourceTree = "<group>"; };
		611EF69322E31AF000F6AAFC /* PKIndicatorVRLayer.h */ = {isa = PBXFileReference; fileEncoding = 4; lastKnownFileType = sourcecode.c.h; path = PKIndicatorVRLayer.h; sourceTree = "<group>"; };
		611EF69422E31AF000F6AAFC /* PKIndicatorWVADLayer.m */ = {isa = PBXFileReference; fileEncoding = 4; lastKnownFileType = sourcecode.c.objc; path = PKIndicatorWVADLayer.m; sourceTree = "<group>"; };
		611EF69522E31AF000F6AAFC /* PKIndicatorCRLayer.h */ = {isa = PBXFileReference; fileEncoding = 4; lastKnownFileType = sourcecode.c.h; path = PKIndicatorCRLayer.h; sourceTree = "<group>"; };
		611EF69622E31AF000F6AAFC /* PKIndicatorLayerProtocol.h */ = {isa = PBXFileReference; fileEncoding = 4; lastKnownFileType = sourcecode.c.h; path = PKIndicatorLayerProtocol.h; sourceTree = "<group>"; };
		611EF69722E31AF000F6AAFC /* PKIndicatorWRLayer.h */ = {isa = PBXFileReference; fileEncoding = 4; lastKnownFileType = sourcecode.c.h; path = PKIndicatorWRLayer.h; sourceTree = "<group>"; };
		611EF69822E31AF000F6AAFC /* PKIndicatorDMILayer.m */ = {isa = PBXFileReference; fileEncoding = 4; lastKnownFileType = sourcecode.c.objc; path = PKIndicatorDMILayer.m; sourceTree = "<group>"; };
		611EF69922E31AF000F6AAFC /* PKIndicatorCycler.m */ = {isa = PBXFileReference; fileEncoding = 4; lastKnownFileType = sourcecode.c.objc; path = PKIndicatorCycler.m; sourceTree = "<group>"; };
		611EF69A22E31AF000F6AAFC /* PKIndicatorRSILayer.h */ = {isa = PBXFileReference; fileEncoding = 4; lastKnownFileType = sourcecode.c.h; path = PKIndicatorRSILayer.h; sourceTree = "<group>"; };
		611EF69B22E31AF000F6AAFC /* PKIndicatorCCILayer.h */ = {isa = PBXFileReference; fileEncoding = 4; lastKnownFileType = sourcecode.c.h; path = PKIndicatorCCILayer.h; sourceTree = "<group>"; };
		611EF69C22E31AF000F6AAFC /* PKIndicatorTRIXLayer.m */ = {isa = PBXFileReference; fileEncoding = 4; lastKnownFileType = sourcecode.c.objc; path = PKIndicatorTRIXLayer.m; sourceTree = "<group>"; };
		611EF69D22E31AF000F6AAFC /* PKIndicatorKDJLayer.m */ = {isa = PBXFileReference; fileEncoding = 4; lastKnownFileType = sourcecode.c.objc; path = PKIndicatorKDJLayer.m; sourceTree = "<group>"; };
		611EF69E22E31AF000F6AAFC /* PKIndicatorOBVLayer.m */ = {isa = PBXFileReference; fileEncoding = 4; lastKnownFileType = sourcecode.c.objc; path = PKIndicatorOBVLayer.m; sourceTree = "<group>"; };
		611EF69F22E31AF000F6AAFC /* PKIndicatorMALayer.h */ = {isa = PBXFileReference; fileEncoding = 4; lastKnownFileType = sourcecode.c.h; path = PKIndicatorMALayer.h; sourceTree = "<group>"; };
		611EF6A022E31AF000F6AAFC /* PKIndicatorEMALayer.m */ = {isa = PBXFileReference; fileEncoding = 4; lastKnownFileType = sourcecode.c.objc; path = PKIndicatorEMALayer.m; sourceTree = "<group>"; };
		611EF6A122E31AF000F6AAFC /* PKIndicatorDMALayer.m */ = {isa = PBXFileReference; fileEncoding = 4; lastKnownFileType = sourcecode.c.objc; path = PKIndicatorDMALayer.m; sourceTree = "<group>"; };
		611EF6A222E31AF000F6AAFC /* PKIndicatorBOLLLayer.h */ = {isa = PBXFileReference; fileEncoding = 4; lastKnownFileType = sourcecode.c.h; path = PKIndicatorBOLLLayer.h; sourceTree = "<group>"; };
		611EF6A322E31AF000F6AAFC /* PKIndicatorBRARLayer.h */ = {isa = PBXFileReference; fileEncoding = 4; lastKnownFileType = sourcecode.c.h; path = PKIndicatorBRARLayer.h; sourceTree = "<group>"; };
		611EF6A422E31AF000F6AAFC /* PKIndicatorEMVLayer.h */ = {isa = PBXFileReference; fileEncoding = 4; lastKnownFileType = sourcecode.c.h; path = PKIndicatorEMVLayer.h; sourceTree = "<group>"; };
		611EF6A522E31AF000F6AAFC /* PKIndicatorIdentifier.m */ = {isa = PBXFileReference; fileEncoding = 4; lastKnownFileType = sourcecode.c.objc; path = PKIndicatorIdentifier.m; sourceTree = "<group>"; };
		611EF6A622E31AF000F6AAFC /* PKIndicatorMACDLayer.m */ = {isa = PBXFileReference; fileEncoding = 4; lastKnownFileType = sourcecode.c.objc; path = PKIndicatorMACDLayer.m; sourceTree = "<group>"; };
		611EF6A722E31AF000F6AAFC /* PKIndicatorVOLLayer.h */ = {isa = PBXFileReference; fileEncoding = 4; lastKnownFileType = sourcecode.c.h; path = PKIndicatorVOLLayer.h; sourceTree = "<group>"; };
		611EF6A822E31AF000F6AAFC /* PKIndicatorSARLayer.h */ = {isa = PBXFileReference; fileEncoding = 4; lastKnownFileType = sourcecode.c.h; path = PKIndicatorSARLayer.h; sourceTree = "<group>"; };
		611EF6A922E31AF000F6AAFC /* PKIndicatorChartSet.h */ = {isa = PBXFileReference; fileEncoding = 4; lastKnownFileType = sourcecode.c.h; path = PKIndicatorChartSet.h; sourceTree = "<group>"; };
		611EF6AA22E31AF000F6AAFC /* PKIndicatorCRLayer.m */ = {isa = PBXFileReference; fileEncoding = 4; lastKnownFileType = sourcecode.c.objc; path = PKIndicatorCRLayer.m; sourceTree = "<group>"; };
		611EF6AB22E31AF000F6AAFC /* PKIndicatorVRLayer.m */ = {isa = PBXFileReference; fileEncoding = 4; lastKnownFileType = sourcecode.c.objc; path = PKIndicatorVRLayer.m; sourceTree = "<group>"; };
		611EF6AC22E31AF000F6AAFC /* PKIndicatorWVADLayer.h */ = {isa = PBXFileReference; fileEncoding = 4; lastKnownFileType = sourcecode.c.h; path = PKIndicatorWVADLayer.h; sourceTree = "<group>"; };
		611EF6AD22E31AF000F6AAFC /* PKIndicatorBaseLayer.m */ = {isa = PBXFileReference; fileEncoding = 4; lastKnownFileType = sourcecode.c.objc; path = PKIndicatorBaseLayer.m; sourceTree = "<group>"; };
		611EF6AE22E31AF000F6AAFC /* PKIndicatorBIASLayer.m */ = {isa = PBXFileReference; fileEncoding = 4; lastKnownFileType = sourcecode.c.objc; path = PKIndicatorBIASLayer.m; sourceTree = "<group>"; };
		611EF6AF22E31AF000F6AAFC /* PKIndicatorASILayer.m */ = {isa = PBXFileReference; fileEncoding = 4; lastKnownFileType = sourcecode.c.objc; path = PKIndicatorASILayer.m; sourceTree = "<group>"; };
		611EF6B022E31AF000F6AAFC /* PKIndicatorROCLayer.m */ = {isa = PBXFileReference; fileEncoding = 4; lastKnownFileType = sourcecode.c.objc; path = PKIndicatorROCLayer.m; sourceTree = "<group>"; };
		611EF6B122E31AF000F6AAFC /* PKIndicatorPSYLayer.h */ = {isa = PBXFileReference; fileEncoding = 4; lastKnownFileType = sourcecode.c.h; path = PKIndicatorPSYLayer.h; sourceTree = "<group>"; };
		611EF6B222E31AF000F6AAFC /* PKIndicatorCycler.h */ = {isa = PBXFileReference; fileEncoding = 4; lastKnownFileType = sourcecode.c.h; path = PKIndicatorCycler.h; sourceTree = "<group>"; };
		611EF6B322E31AF000F6AAFC /* PKIndicatorDMILayer.h */ = {isa = PBXFileReference; fileEncoding = 4; lastKnownFileType = sourcecode.c.h; path = PKIndicatorDMILayer.h; sourceTree = "<group>"; };
		611EF6B422E31AF000F6AAFC /* PKIndicatorWRLayer.m */ = {isa = PBXFileReference; fileEncoding = 4; lastKnownFileType = sourcecode.c.objc; path = PKIndicatorWRLayer.m; sourceTree = "<group>"; };
		611EF6B522E31AF000F6AAFC /* PKIndicatorDMALayer.h */ = {isa = PBXFileReference; fileEncoding = 4; lastKnownFileType = sourcecode.c.h; path = PKIndicatorDMALayer.h; sourceTree = "<group>"; };
		611EF6B622E31AF000F6AAFC /* PKIndicatorEMALayer.h */ = {isa = PBXFileReference; fileEncoding = 4; lastKnownFileType = sourcecode.c.h; path = PKIndicatorEMALayer.h; sourceTree = "<group>"; };
		611EF6B722E31AF000F6AAFC /* PKIndicatorMALayer.m */ = {isa = PBXFileReference; fileEncoding = 4; lastKnownFileType = sourcecode.c.objc; path = PKIndicatorMALayer.m; sourceTree = "<group>"; };
		611EF6B822E31AF000F6AAFC /* PKIndicatorOBVLayer.h */ = {isa = PBXFileReference; fileEncoding = 4; lastKnownFileType = sourcecode.c.h; path = PKIndicatorOBVLayer.h; sourceTree = "<group>"; };
		611EF6B922E31AF000F6AAFC /* PKIndicatorKDJLayer.h */ = {isa = PBXFileReference; fileEncoding = 4; lastKnownFileType = sourcecode.c.h; path = PKIndicatorKDJLayer.h; sourceTree = "<group>"; };
		611EF6BA22E31AF000F6AAFC /* PKIndicatorTRIXLayer.h */ = {isa = PBXFileReference; fileEncoding = 4; lastKnownFileType = sourcecode.c.h; path = PKIndicatorTRIXLayer.h; sourceTree = "<group>"; };
		611EF6BB22E31AF000F6AAFC /* PKIndicatorRSILayer.m */ = {isa = PBXFileReference; fileEncoding = 4; lastKnownFileType = sourcecode.c.objc; path = PKIndicatorRSILayer.m; sourceTree = "<group>"; };
		611EF6BC22E31AF000F6AAFC /* PKIndicatorCCILayer.m */ = {isa = PBXFileReference; fileEncoding = 4; lastKnownFileType = sourcecode.c.objc; path = PKIndicatorCCILayer.m; sourceTree = "<group>"; };
		611EF6BD22E31AF000F6AAFC /* PKIndicatorChartSet.m */ = {isa = PBXFileReference; fileEncoding = 4; lastKnownFileType = sourcecode.c.objc; path = PKIndicatorChartSet.m; sourceTree = "<group>"; };
		611EF6BE22E31AF000F6AAFC /* PKIndicatorSARLayer.m */ = {isa = PBXFileReference; fileEncoding = 4; lastKnownFileType = sourcecode.c.objc; path = PKIndicatorSARLayer.m; sourceTree = "<group>"; };
		611EF6BF22E31AF000F6AAFC /* PKIndicatorVOLLayer.m */ = {isa = PBXFileReference; fileEncoding = 4; lastKnownFileType = sourcecode.c.objc; path = PKIndicatorVOLLayer.m; sourceTree = "<group>"; };
		611EF6C022E31AF000F6AAFC /* PKIndicatorIdentifier.h */ = {isa = PBXFileReference; fileEncoding = 4; lastKnownFileType = sourcecode.c.h; path = PKIndicatorIdentifier.h; sourceTree = "<group>"; };
		611EF6C122E31AF000F6AAFC /* PKIndicatorMACDLayer.h */ = {isa = PBXFileReference; fileEncoding = 4; lastKnownFileType = sourcecode.c.h; path = PKIndicatorMACDLayer.h; sourceTree = "<group>"; };
		611EF6C222E31AF000F6AAFC /* PKIndicatorEMVLayer.m */ = {isa = PBXFileReference; fileEncoding = 4; lastKnownFileType = sourcecode.c.objc; path = PKIndicatorEMVLayer.m; sourceTree = "<group>"; };
		611EF6C322E31AF000F6AAFC /* PKIndicatorBOLLLayer.m */ = {isa = PBXFileReference; fileEncoding = 4; lastKnownFileType = sourcecode.c.objc; path = PKIndicatorBOLLLayer.m; sourceTree = "<group>"; };
		611EF6C422E31AF000F6AAFC /* PKIndicatorBRARLayer.m */ = {isa = PBXFileReference; fileEncoding = 4; lastKnownFileType = sourcecode.c.objc; path = PKIndicatorBRARLayer.m; sourceTree = "<group>"; };
		611EF6C622E31AF000F6AAFC /* PKKLineChart.h */ = {isa = PBXFileReference; fileEncoding = 4; lastKnownFileType = sourcecode.c.h; path = PKKLineChart.h; sourceTree = "<group>"; };
		611EF6C722E31AF000F6AAFC /* PKKLineChartProtocol.h */ = {isa = PBXFileReference; fileEncoding = 4; lastKnownFileType = sourcecode.c.h; path = PKKLineChartProtocol.h; sourceTree = "<group>"; };
		611EF6C822E31AF000F6AAFC /* PKKLineBaseChart.m */ = {isa = PBXFileReference; fileEncoding = 4; lastKnownFileType = sourcecode.c.objc; path = PKKLineBaseChart.m; sourceTree = "<group>"; };
		611EF6C922E31AF000F6AAFC /* PKKLineLoadingView.h */ = {isa = PBXFileReference; fileEncoding = 4; lastKnownFileType = sourcecode.c.h; path = PKKLineLoadingView.h; sourceTree = "<group>"; };
		611EF6CA22E31AF000F6AAFC /* PKKLineChartSet.m */ = {isa = PBXFileReference; fileEncoding = 4; lastKnownFileType = sourcecode.c.objc; path = PKKLineChartSet.m; sourceTree = "<group>"; };
		611EF6CB22E31AF000F6AAFC /* PKKLineChart.m */ = {isa = PBXFileReference; fileEncoding = 4; lastKnownFileType = sourcecode.c.objc; path = PKKLineChart.m; sourceTree = "<group>"; };
		611EF6CC22E31AF000F6AAFC /* PKKLineBaseChart.h */ = {isa = PBXFileReference; fileEncoding = 4; lastKnownFileType = sourcecode.c.h; path = PKKLineBaseChart.h; sourceTree = "<group>"; };
		611EF6CD22E31AF000F6AAFC /* PKKLineLoadingView.m */ = {isa = PBXFileReference; fileEncoding = 4; lastKnownFileType = sourcecode.c.objc; path = PKKLineLoadingView.m; sourceTree = "<group>"; };
		611EF6CE22E31AF000F6AAFC /* PKKLineChartSet.h */ = {isa = PBXFileReference; fileEncoding = 4; lastKnownFileType = sourcecode.c.h; path = PKKLineChartSet.h; sourceTree = "<group>"; };
		611EF6D022E31AF000F6AAFC /* PKIndicatorCacheItem.m */ = {isa = PBXFileReference; fileEncoding = 4; lastKnownFileType = sourcecode.c.objc; path = PKIndicatorCacheItem.m; sourceTree = "<group>"; };
		611EF6D122E31AF000F6AAFC /* NSArray+PKIndicatorCacheCalculator.m */ = {isa = PBXFileReference; fileEncoding = 4; lastKnownFileType = sourcecode.c.objc; path = "NSArray+PKIndicatorCacheCalculator.m"; sourceTree = "<group>"; };
		611EF6D222E31AF000F6AAFC /* PKIndicatorCacheCalculator.m */ = {isa = PBXFileReference; fileEncoding = 4; lastKnownFileType = sourcecode.c.objc; path = PKIndicatorCacheCalculator.m; sourceTree = "<group>"; };
		611EF6D322E31AF000F6AAFC /* PKIndicatorCacheItem.h */ = {isa = PBXFileReference; fileEncoding = 4; lastKnownFileType = sourcecode.c.h; path = PKIndicatorCacheItem.h; sourceTree = "<group>"; };
		611EF6D422E31AF100F6AAFC /* NSArray+PKIndicatorCacheCalculator.h */ = {isa = PBXFileReference; fileEncoding = 4; lastKnownFileType = sourcecode.c.h; path = "NSArray+PKIndicatorCacheCalculator.h"; sourceTree = "<group>"; };
		611EF6D522E31AF100F6AAFC /* PKIndicatorCacheCalculator.h */ = {isa = PBXFileReference; fileEncoding = 4; lastKnownFileType = sourcecode.c.h; path = PKIndicatorCacheCalculator.h; sourceTree = "<group>"; };
		611EF6F822E31D6E00F6AAFC /* PKKLineChart+Frame.h */ = {isa = PBXFileReference; lastKnownFileType = sourcecode.c.h; path = "PKKLineChart+Frame.h"; sourceTree = "<group>"; };
		611EF6FB22E31D8B00F6AAFC /* PKTimeChart+Frame.h */ = {isa = PBXFileReference; lastKnownFileType = sourcecode.c.h; path = "PKTimeChart+Frame.h"; sourceTree = "<group>"; };
		611EF77222EEB50800F6AAFC /* PKAsyncTimeLayer.h */ = {isa = PBXFileReference; lastKnownFileType = sourcecode.c.h; path = PKAsyncTimeLayer.h; sourceTree = "<group>"; };
		611EF77322EEB50800F6AAFC /* PKAsyncTimeLayer.m */ = {isa = PBXFileReference; lastKnownFileType = sourcecode.c.objc; path = PKAsyncTimeLayer.m; sourceTree = "<group>"; };
		611EF78422F166EE00F6AAFC /* PKAsyncTimeChart.h */ = {isa = PBXFileReference; lastKnownFileType = sourcecode.c.h; path = PKAsyncTimeChart.h; sourceTree = "<group>"; };
		611EF78522F166EE00F6AAFC /* PKAsyncTimeChart.m */ = {isa = PBXFileReference; lastKnownFileType = sourcecode.c.objc; path = PKAsyncTimeChart.m; sourceTree = "<group>"; };
		613A8E2A22D71438006A19CA /* PKExample1ViewController.h */ = {isa = PBXFileReference; lastKnownFileType = sourcecode.c.h; path = PKExample1ViewController.h; sourceTree = "<group>"; };
		613A8E2B22D71438006A19CA /* PKExample1ViewController.m */ = {isa = PBXFileReference; lastKnownFileType = sourcecode.c.objc; path = PKExample1ViewController.m; sourceTree = "<group>"; };
		613A8E2E22D7170C006A19CA /* PKChartTextLayer.h */ = {isa = PBXFileReference; fileEncoding = 4; lastKnownFileType = sourcecode.c.h; path = PKChartTextLayer.h; sourceTree = "<group>"; };
		613A8E3022D7170C006A19CA /* UIBezierPath+PKStockChart.h */ = {isa = PBXFileReference; fileEncoding = 4; lastKnownFileType = sourcecode.c.h; path = "UIBezierPath+PKStockChart.h"; sourceTree = "<group>"; };
		613A8E3122D7170C006A19CA /* NSArray+PKStockChart.m */ = {isa = PBXFileReference; fileEncoding = 4; lastKnownFileType = sourcecode.c.objc; path = "NSArray+PKStockChart.m"; sourceTree = "<group>"; };
		613A8E3222D7170C006A19CA /* UIBezierPath+PKStockChart.m */ = {isa = PBXFileReference; fileEncoding = 4; lastKnownFileType = sourcecode.c.objc; path = "UIBezierPath+PKStockChart.m"; sourceTree = "<group>"; };
		613A8E3322D7170C006A19CA /* NSNumber+PKStockChart.h */ = {isa = PBXFileReference; fileEncoding = 4; lastKnownFileType = sourcecode.c.h; path = "NSNumber+PKStockChart.h"; sourceTree = "<group>"; };
		613A8E3422D7170D006A19CA /* PKChartConst.h */ = {isa = PBXFileReference; fileEncoding = 4; lastKnownFileType = sourcecode.c.h; path = PKChartConst.h; sourceTree = "<group>"; };
		613A8E3522D7170D006A19CA /* NSDate+PKStockChart.m */ = {isa = PBXFileReference; fileEncoding = 4; lastKnownFileType = sourcecode.c.objc; path = "NSDate+PKStockChart.m"; sourceTree = "<group>"; };
		613A8E3622D7170D006A19CA /* PKChartCrosshairView.h */ = {isa = PBXFileReference; fileEncoding = 4; lastKnownFileType = sourcecode.c.h; path = PKChartCrosshairView.h; sourceTree = "<group>"; };
		613A8E3822D7170D006A19CA /* NSMutableAttributedString+PKStockChart.h */ = {isa = PBXFileReference; fileEncoding = 4; lastKnownFileType = sourcecode.c.h; path = "NSMutableAttributedString+PKStockChart.h"; sourceTree = "<group>"; };
		613A8E3922D7170D006A19CA /* NSArray+PKStockChart.h */ = {isa = PBXFileReference; fileEncoding = 4; lastKnownFileType = sourcecode.c.h; path = "NSArray+PKStockChart.h"; sourceTree = "<group>"; };
		613A8E3A22D7170D006A19CA /* NSMutableAttributedString+PKStockChart.m */ = {isa = PBXFileReference; fileEncoding = 4; lastKnownFileType = sourcecode.c.objc; path = "NSMutableAttributedString+PKStockChart.m"; sourceTree = "<group>"; };
		613A8E3B22D7170D006A19CA /* PKChartTextLayer.m */ = {isa = PBXFileReference; fileEncoding = 4; lastKnownFileType = sourcecode.c.objc; path = PKChartTextLayer.m; sourceTree = "<group>"; };
		613A8E3C22D7170D006A19CA /* NSNumber+PKStockChart.m */ = {isa = PBXFileReference; fileEncoding = 4; lastKnownFileType = sourcecode.c.objc; path = "NSNumber+PKStockChart.m"; sourceTree = "<group>"; };
		613A8E3D22D7170D006A19CA /* PKChartCrosshairView.m */ = {isa = PBXFileReference; fileEncoding = 4; lastKnownFileType = sourcecode.c.objc; path = PKChartCrosshairView.m; sourceTree = "<group>"; };
		613A8E3E22D7170D006A19CA /* PKChartConst.m */ = {isa = PBXFileReference; fileEncoding = 4; lastKnownFileType = sourcecode.c.objc; path = PKChartConst.m; sourceTree = "<group>"; };
		613A8E3F22D7170E006A19CA /* NSDate+PKStockChart.h */ = {isa = PBXFileReference; fileEncoding = 4; lastKnownFileType = sourcecode.c.h; path = "NSDate+PKStockChart.h"; sourceTree = "<group>"; };
		613A8E4A22D71BB7006A19CA /* PKChartFlashingView.h */ = {isa = PBXFileReference; fileEncoding = 4; lastKnownFileType = sourcecode.c.h; path = PKChartFlashingView.h; sourceTree = "<group>"; };
		613A8E4B22D71BB7006A19CA /* PKTimeChart.h */ = {isa = PBXFileReference; fileEncoding = 4; lastKnownFileType = sourcecode.c.h; path = PKTimeChart.h; sourceTree = "<group>"; };
		613A8E4C22D71BB7006A19CA /* PKTimeBaseChart.m */ = {isa = PBXFileReference; fileEncoding = 4; lastKnownFileType = sourcecode.c.objc; path = PKTimeBaseChart.m; sourceTree = "<group>"; };
		613A8E4D22D71BB7006A19CA /* PKTimeChart.m */ = {isa = PBXFileReference; fileEncoding = 4; lastKnownFileType = sourcecode.c.objc; path = PKTimeChart.m; sourceTree = "<group>"; };
		613A8E4E22D71BB7006A19CA /* PKTimeChartSet.m */ = {isa = PBXFileReference; fileEncoding = 4; lastKnownFileType = sourcecode.c.objc; path = PKTimeChartSet.m; sourceTree = "<group>"; };
		613A8E4F22D71BB7006A19CA /* PKTimeChartProtocol.h */ = {isa = PBXFileReference; fileEncoding = 4; lastKnownFileType = sourcecode.c.h; path = PKTimeChartProtocol.h; sourceTree = "<group>"; };
		613A8E5122D71BB8006A19CA /* PKChartFlashingView.m */ = {isa = PBXFileReference; fileEncoding = 4; lastKnownFileType = sourcecode.c.objc; path = PKChartFlashingView.m; sourceTree = "<group>"; };
		613A8E5222D71BB8006A19CA /* PKTimeBaseChart.h */ = {isa = PBXFileReference; fileEncoding = 4; lastKnownFileType = sourcecode.c.h; path = PKTimeBaseChart.h; sourceTree = "<group>"; };
		613A8E5322D71BB8006A19CA /* PKTimeChartSet.h */ = {isa = PBXFileReference; fileEncoding = 4; lastKnownFileType = sourcecode.c.h; path = PKTimeChartSet.h; sourceTree = "<group>"; };
		613A8E5B22D7209F006A19CA /* PKSegmentedControl.m */ = {isa = PBXFileReference; fileEncoding = 4; lastKnownFileType = sourcecode.c.objc; path = PKSegmentedControl.m; sourceTree = "<group>"; };
		613A8E5C22D7209F006A19CA /* PKSegmentedSlideControl.h */ = {isa = PBXFileReference; fileEncoding = 4; lastKnownFileType = sourcecode.c.h; path = PKSegmentedSlideControl.h; sourceTree = "<group>"; };
		613A8E5D22D7209F006A19CA /* PKSegmentedSlideControl.m */ = {isa = PBXFileReference; fileEncoding = 4; lastKnownFileType = sourcecode.c.objc; path = PKSegmentedSlideControl.m; sourceTree = "<group>"; };
		613A8E5E22D7209F006A19CA /* PKSegmentedControl.h */ = {isa = PBXFileReference; fileEncoding = 4; lastKnownFileType = sourcecode.c.h; path = PKSegmentedControl.h; sourceTree = "<group>"; };
		61AA71F722D80FE3005E714A /* PKStockObjects.h */ = {isa = PBXFileReference; lastKnownFileType = sourcecode.c.h; path = PKStockObjects.h; sourceTree = "<group>"; };
		61AA71F822D80FE3005E714A /* PKStockObjects.m */ = {isa = PBXFileReference; lastKnownFileType = sourcecode.c.objc; path = PKStockObjects.m; sourceTree = "<group>"; };
		61AD16F522FC1C3C00EF0D06 /* PKTimePileBaseLayer.h */ = {isa = PBXFileReference; lastKnownFileType = sourcecode.c.h; path = PKTimePileBaseLayer.h; sourceTree = "<group>"; };
		61AD16F622FC1C3C00EF0D06 /* PKTimePileBaseLayer.m */ = {isa = PBXFileReference; lastKnownFileType = sourcecode.c.objc; path = PKTimePileBaseLayer.m; sourceTree = "<group>"; };
		61AD16F822FD3FB100EF0D06 /* PKChartGradientLayer.h */ = {isa = PBXFileReference; lastKnownFileType = sourcecode.c.h; path = PKChartGradientLayer.h; sourceTree = "<group>"; };
		61AD16F922FD3FB100EF0D06 /* PKChartGradientLayer.m */ = {isa = PBXFileReference; lastKnownFileType = sourcecode.c.objc; path = PKChartGradientLayer.m; sourceTree = "<group>"; };
		61AD16FB2302589900EF0D06 /* PKTimePileTapeLayer.h */ = {isa = PBXFileReference; lastKnownFileType = sourcecode.c.h; path = PKTimePileTapeLayer.h; sourceTree = "<group>"; };
		61AD16FC2302589900EF0D06 /* PKTimePileTapeLayer.m */ = {isa = PBXFileReference; lastKnownFileType = sourcecode.c.objc; path = PKTimePileTapeLayer.m; sourceTree = "<group>"; };
		61AD16FE2302A53400EF0D06 /* PKTimePileIndexLayer.h */ = {isa = PBXFileReference; lastKnownFileType = sourcecode.c.h; path = PKTimePileIndexLayer.h; sourceTree = "<group>"; };
		61AD16FF2302A53400EF0D06 /* PKTimePileIndexLayer.m */ = {isa = PBXFileReference; lastKnownFileType = sourcecode.c.objc; path = PKTimePileIndexLayer.m; sourceTree = "<group>"; };
		61CC99EA22D75280004FC918 /* NSValue+PKGeometry.h */ = {isa = PBXFileReference; lastKnownFileType = sourcecode.c.h; path = "NSValue+PKGeometry.h"; sourceTree = "<group>"; };
		61CC99EB22D75280004FC918 /* NSValue+PKGeometry.m */ = {isa = PBXFileReference; lastKnownFileType = sourcecode.c.objc; path = "NSValue+PKGeometry.m"; sourceTree = "<group>"; };
		61CC99ED22D755FB004FC918 /* PKChartCategories.h */ = {isa = PBXFileReference; lastKnownFileType = sourcecode.c.h; path = PKChartCategories.h; sourceTree = "<group>"; };
		61D0C46722D2DA8A009FEABD /* PKStockCharts.app */ = {isa = PBXFileReference; explicitFileType = wrapper.application; includeInIndex = 0; path = PKStockCharts.app; sourceTree = BUILT_PRODUCTS_DIR; };
		61D0C46A22D2DA8A009FEABD /* AppDelegate.h */ = {isa = PBXFileReference; lastKnownFileType = sourcecode.c.h; path = AppDelegate.h; sourceTree = "<group>"; };
		61D0C46B22D2DA8A009FEABD /* AppDelegate.m */ = {isa = PBXFileReference; lastKnownFileType = sourcecode.c.objc; path = AppDelegate.m; sourceTree = "<group>"; };
		61D0C46D22D2DA8A009FEABD /* ViewController.h */ = {isa = PBXFileReference; lastKnownFileType = sourcecode.c.h; path = ViewController.h; sourceTree = "<group>"; };
		61D0C46E22D2DA8A009FEABD /* ViewController.m */ = {isa = PBXFileReference; lastKnownFileType = sourcecode.c.objc; path = ViewController.m; sourceTree = "<group>"; };
		61D0C47122D2DA8A009FEABD /* Base */ = {isa = PBXFileReference; lastKnownFileType = file.storyboard; name = Base; path = Base.lproj/Main.storyboard; sourceTree = "<group>"; };
		61D0C47322D2DA8C009FEABD /* Assets.xcassets */ = {isa = PBXFileReference; lastKnownFileType = folder.assetcatalog; path = Assets.xcassets; sourceTree = "<group>"; };
		61D0C47622D2DA8C009FEABD /* Base */ = {isa = PBXFileReference; lastKnownFileType = file.storyboard; name = Base; path = Base.lproj/LaunchScreen.storyboard; sourceTree = "<group>"; };
		61D0C47822D2DA8C009FEABD /* Info.plist */ = {isa = PBXFileReference; lastKnownFileType = text.plist.xml; path = Info.plist; sourceTree = "<group>"; };
		61D0C47922D2DA8C009FEABD /* main.m */ = {isa = PBXFileReference; lastKnownFileType = sourcecode.c.objc; path = main.m; sourceTree = "<group>"; };
		61D0C47F22D2DA8C009FEABD /* PKStockChartsTests.xctest */ = {isa = PBXFileReference; explicitFileType = wrapper.cfbundle; includeInIndex = 0; path = PKStockChartsTests.xctest; sourceTree = BUILT_PRODUCTS_DIR; };
		61D0C48322D2DA8C009FEABD /* PKStockChartsTests.m */ = {isa = PBXFileReference; lastKnownFileType = sourcecode.c.objc; path = PKStockChartsTests.m; sourceTree = "<group>"; };
		61D0C48522D2DA8C009FEABD /* Info.plist */ = {isa = PBXFileReference; lastKnownFileType = text.plist.xml; path = Info.plist; sourceTree = "<group>"; };
		61D0C48A22D2DA8C009FEABD /* PKStockChartsUITests.xctest */ = {isa = PBXFileReference; explicitFileType = wrapper.cfbundle; includeInIndex = 0; path = PKStockChartsUITests.xctest; sourceTree = BUILT_PRODUCTS_DIR; };
		61D0C48E22D2DA8C009FEABD /* PKStockChartsUITests.m */ = {isa = PBXFileReference; lastKnownFileType = sourcecode.c.objc; path = PKStockChartsUITests.m; sourceTree = "<group>"; };
		61D0C49022D2DA8C009FEABD /* Info.plist */ = {isa = PBXFileReference; lastKnownFileType = text.plist.xml; path = Info.plist; sourceTree = "<group>"; };
		9E6A5CBB7AEE6A0F4A1522A8 /* Pods-PKStockCharts.debug.xcconfig */ = {isa = PBXFileReference; includeInIndex = 1; lastKnownFileType = text.xcconfig; name = "Pods-PKStockCharts.debug.xcconfig"; path = "Pods/Target Support Files/Pods-PKStockCharts/Pods-PKStockCharts.debug.xcconfig"; sourceTree = "<group>"; };
		B39518585D872658AE87DF19 /* libPods-PKStockCharts.a */ = {isa = PBXFileReference; explicitFileType = archive.ar; includeInIndex = 0; path = "libPods-PKStockCharts.a"; sourceTree = BUILT_PRODUCTS_DIR; };
/* End PBXFileReference section */

/* Begin PBXFrameworksBuildPhase section */
		61D0C46422D2DA8A009FEABD /* Frameworks */ = {
			isa = PBXFrameworksBuildPhase;
			buildActionMask = 2147483647;
			files = (
				CEAFD1FB6EC0E3124319A77C /* libPods-PKStockCharts.a in Frameworks */,
			);
			runOnlyForDeploymentPostprocessing = 0;
		};
		61D0C47C22D2DA8C009FEABD /* Frameworks */ = {
			isa = PBXFrameworksBuildPhase;
			buildActionMask = 2147483647;
			files = (
			);
			runOnlyForDeploymentPostprocessing = 0;
		};
		61D0C48722D2DA8C009FEABD /* Frameworks */ = {
			isa = PBXFrameworksBuildPhase;
			buildActionMask = 2147483647;
			files = (
			);
			runOnlyForDeploymentPostprocessing = 0;
		};
/* End PBXFrameworksBuildPhase section */

/* Begin PBXGroup section */
		6103F7CC230E6AAF00C1D1CA /* views */ = {
			isa = PBXGroup;
			children = (
				6103F7CD230E6AD700C1D1CA /* PKLandscapeTopTextView.h */,
				6103F7CE230E6AD700C1D1CA /* PKLandscapeTopTextView.m */,
			);
			path = views;
			sourceTree = "<group>";
		};
		611EF68D22E31AF000F6AAFC /* indicators */ = {
			isa = PBXGroup;
			children = (
				611EF69622E31AF000F6AAFC /* PKIndicatorLayerProtocol.h */,
				611EF6C022E31AF000F6AAFC /* PKIndicatorIdentifier.h */,
				611EF6A522E31AF000F6AAFC /* PKIndicatorIdentifier.m */,
				611EF6B222E31AF000F6AAFC /* PKIndicatorCycler.h */,
				611EF69922E31AF000F6AAFC /* PKIndicatorCycler.m */,
				611EF6A922E31AF000F6AAFC /* PKIndicatorChartSet.h */,
				611EF6BD22E31AF000F6AAFC /* PKIndicatorChartSet.m */,
				611EF69222E31AF000F6AAFC /* PKIndicatorBaseLayer.h */,
				611EF6AD22E31AF000F6AAFC /* PKIndicatorBaseLayer.m */,
				611EF68F22E31AF000F6AAFC /* PKIndicatorASILayer.h */,
				611EF6AF22E31AF000F6AAFC /* PKIndicatorASILayer.m */,
				611EF69122E31AF000F6AAFC /* PKIndicatorBIASLayer.h */,
				611EF6AE22E31AF000F6AAFC /* PKIndicatorBIASLayer.m */,
				611EF6A222E31AF000F6AAFC /* PKIndicatorBOLLLayer.h */,
				611EF6C322E31AF000F6AAFC /* PKIndicatorBOLLLayer.m */,
				611EF6A322E31AF000F6AAFC /* PKIndicatorBRARLayer.h */,
				611EF6C422E31AF000F6AAFC /* PKIndicatorBRARLayer.m */,
				611EF69B22E31AF000F6AAFC /* PKIndicatorCCILayer.h */,
				611EF6BC22E31AF000F6AAFC /* PKIndicatorCCILayer.m */,
				611EF69522E31AF000F6AAFC /* PKIndicatorCRLayer.h */,
				611EF6AA22E31AF000F6AAFC /* PKIndicatorCRLayer.m */,
				611EF6B522E31AF000F6AAFC /* PKIndicatorDMALayer.h */,
				611EF6A122E31AF000F6AAFC /* PKIndicatorDMALayer.m */,
				611EF6B322E31AF000F6AAFC /* PKIndicatorDMILayer.h */,
				611EF69822E31AF000F6AAFC /* PKIndicatorDMILayer.m */,
				611EF6B622E31AF000F6AAFC /* PKIndicatorEMALayer.h */,
				611EF6A022E31AF000F6AAFC /* PKIndicatorEMALayer.m */,
				611EF6A422E31AF000F6AAFC /* PKIndicatorEMVLayer.h */,
				611EF6C222E31AF000F6AAFC /* PKIndicatorEMVLayer.m */,
				611EF6B922E31AF000F6AAFC /* PKIndicatorKDJLayer.h */,
				611EF69D22E31AF000F6AAFC /* PKIndicatorKDJLayer.m */,
				611EF6C122E31AF000F6AAFC /* PKIndicatorMACDLayer.h */,
				611EF6A622E31AF000F6AAFC /* PKIndicatorMACDLayer.m */,
				611EF69F22E31AF000F6AAFC /* PKIndicatorMALayer.h */,
				611EF6B722E31AF000F6AAFC /* PKIndicatorMALayer.m */,
				611EF6B822E31AF000F6AAFC /* PKIndicatorOBVLayer.h */,
				611EF69E22E31AF000F6AAFC /* PKIndicatorOBVLayer.m */,
				611EF6B122E31AF000F6AAFC /* PKIndicatorPSYLayer.h */,
				611EF68E22E31AF000F6AAFC /* PKIndicatorPSYLayer.m */,
				611EF69022E31AF000F6AAFC /* PKIndicatorROCLayer.h */,
				611EF6B022E31AF000F6AAFC /* PKIndicatorROCLayer.m */,
				611EF69A22E31AF000F6AAFC /* PKIndicatorRSILayer.h */,
				611EF6BB22E31AF000F6AAFC /* PKIndicatorRSILayer.m */,
				611EF6A822E31AF000F6AAFC /* PKIndicatorSARLayer.h */,
				611EF6BE22E31AF000F6AAFC /* PKIndicatorSARLayer.m */,
				611EF6BA22E31AF000F6AAFC /* PKIndicatorTRIXLayer.h */,
				611EF69C22E31AF000F6AAFC /* PKIndicatorTRIXLayer.m */,
				611EF6A722E31AF000F6AAFC /* PKIndicatorVOLLayer.h */,
				611EF6BF22E31AF000F6AAFC /* PKIndicatorVOLLayer.m */,
				611EF69322E31AF000F6AAFC /* PKIndicatorVRLayer.h */,
				611EF6AB22E31AF000F6AAFC /* PKIndicatorVRLayer.m */,
				611EF69722E31AF000F6AAFC /* PKIndicatorWRLayer.h */,
				611EF6B422E31AF000F6AAFC /* PKIndicatorWRLayer.m */,
				611EF6AC22E31AF000F6AAFC /* PKIndicatorWVADLayer.h */,
				611EF69422E31AF000F6AAFC /* PKIndicatorWVADLayer.m */,
			);
			path = indicators;
			sourceTree = "<group>";
		};
		611EF6C522E31AF000F6AAFC /* kline */ = {
			isa = PBXGroup;
			children = (
				611EF6C722E31AF000F6AAFC /* PKKLineChartProtocol.h */,
				611EF6CE22E31AF000F6AAFC /* PKKLineChartSet.h */,
				611EF6CA22E31AF000F6AAFC /* PKKLineChartSet.m */,
				611EF6CC22E31AF000F6AAFC /* PKKLineBaseChart.h */,
				611EF6C822E31AF000F6AAFC /* PKKLineBaseChart.m */,
				611EF6C622E31AF000F6AAFC /* PKKLineChart.h */,
				611EF6CB22E31AF000F6AAFC /* PKKLineChart.m */,
				611EF6F822E31D6E00F6AAFC /* PKKLineChart+Frame.h */,
				611EF6C922E31AF000F6AAFC /* PKKLineLoadingView.h */,
				611EF6CD22E31AF000F6AAFC /* PKKLineLoadingView.m */,
			);
			path = kline;
			sourceTree = "<group>";
		};
		611EF6CF22E31AF000F6AAFC /* calculations */ = {
			isa = PBXGroup;
			children = (
				611EF6D422E31AF100F6AAFC /* NSArray+PKIndicatorCacheCalculator.h */,
				611EF6D122E31AF000F6AAFC /* NSArray+PKIndicatorCacheCalculator.m */,
				611EF6D522E31AF100F6AAFC /* PKIndicatorCacheCalculator.h */,
				611EF6D222E31AF000F6AAFC /* PKIndicatorCacheCalculator.m */,
				611EF6D322E31AF000F6AAFC /* PKIndicatorCacheItem.h */,
				611EF6D022E31AF000F6AAFC /* PKIndicatorCacheItem.m */,
			);
			path = calculations;
			sourceTree = "<group>";
		};
		6131366522DF612400F7060A /* uikits */ = {
			isa = PBXGroup;
			children = (
				613A8E5A22D7209F006A19CA /* segmentedControl */,
			);
			path = uikits;
			sourceTree = "<group>";
		};
		613A8E2522D7128B006A19CA /* classess */ = {
			isa = PBXGroup;
			children = (
				613A8E2622D712A1006A19CA /* common */,
				61CC99E922D751FD004FC918 /* categories */,
				613A8E2D22D716D8006A19CA /* time */,
				61CFE00222DC215F001899D4 /* async_todo */,
				611EF6C522E31AF000F6AAFC /* kline */,
				611EF68D22E31AF000F6AAFC /* indicators */,
				611EF6CF22E31AF000F6AAFC /* calculations */,
			);
			path = classess;
			sourceTree = "<group>";
		};
		613A8E2622D712A1006A19CA /* common */ = {
			isa = PBXGroup;
			children = (
				613A8E3422D7170D006A19CA /* PKChartConst.h */,
				613A8E3E22D7170D006A19CA /* PKChartConst.m */,
				613A8E2E22D7170C006A19CA /* PKChartTextLayer.h */,
				613A8E3B22D7170D006A19CA /* PKChartTextLayer.m */,
				613A8E3622D7170D006A19CA /* PKChartCrosshairView.h */,
				613A8E3D22D7170D006A19CA /* PKChartCrosshairView.m */,
				613A8E4A22D71BB7006A19CA /* PKChartFlashingView.h */,
				613A8E5122D71BB8006A19CA /* PKChartFlashingView.m */,
				61AD16F822FD3FB100EF0D06 /* PKChartGradientLayer.h */,
				61AD16F922FD3FB100EF0D06 /* PKChartGradientLayer.m */,
			);
			path = common;
			sourceTree = "<group>";
		};
		613A8E2D22D716D8006A19CA /* time */ = {
			isa = PBXGroup;
			children = (
				613A8E4F22D71BB7006A19CA /* PKTimeChartProtocol.h */,
				613A8E5322D71BB8006A19CA /* PKTimeChartSet.h */,
				613A8E4E22D71BB7006A19CA /* PKTimeChartSet.m */,
				613A8E5222D71BB8006A19CA /* PKTimeBaseChart.h */,
				613A8E4C22D71BB7006A19CA /* PKTimeBaseChart.m */,
				613A8E4B22D71BB7006A19CA /* PKTimeChart.h */,
				613A8E4D22D71BB7006A19CA /* PKTimeChart.m */,
				611EF6FB22E31D8B00F6AAFC /* PKTimeChart+Frame.h */,
				61AD16F522FC1C3C00EF0D06 /* PKTimePileBaseLayer.h */,
				61AD16F622FC1C3C00EF0D06 /* PKTimePileBaseLayer.m */,
				61AD16FE2302A53400EF0D06 /* PKTimePileIndexLayer.h */,
				61AD16FF2302A53400EF0D06 /* PKTimePileIndexLayer.m */,
			);
			path = time;
			sourceTree = "<group>";
		};
		613A8E5922D72015006A19CA /* example */ = {
			isa = PBXGroup;
			children = (
				61AA71F322D80DBB005E714A /* data */,
				6131366522DF612400F7060A /* uikits */,
				6103F7CC230E6AAF00C1D1CA /* views */,
				61AA71F622D80DFE005E714A /* model */,
				613A8E6122D720A2006A19CA /* controllers */,
			);
			path = example;
			sourceTree = "<group>";
		};
		613A8E5A22D7209F006A19CA /* segmentedControl */ = {
			isa = PBXGroup;
			children = (
				613A8E5E22D7209F006A19CA /* PKSegmentedControl.h */,
				613A8E5B22D7209F006A19CA /* PKSegmentedControl.m */,
				613A8E5C22D7209F006A19CA /* PKSegmentedSlideControl.h */,
				613A8E5D22D7209F006A19CA /* PKSegmentedSlideControl.m */,
			);
			path = segmentedControl;
			sourceTree = "<group>";
		};
		613A8E6122D720A2006A19CA /* controllers */ = {
			isa = PBXGroup;
			children = (
				613A8E2A22D71438006A19CA /* PKExample1ViewController.h */,
				613A8E2B22D71438006A19CA /* PKExample1ViewController.m */,
				6103F7C6230E33A200C1D1CA /* PKBaseLandscapeViewController.h */,
				6103F7C7230E33A200C1D1CA /* PKBaseLandscapeViewController.m */,
				6103F7C9230E33BA00C1D1CA /* PKLandscapeViewController.h */,
				6103F7CA230E33BA00C1D1CA /* PKLandscapeViewController.m */,
				6103F7D1230E76C200C1D1CA /* PKLandscapeViewController+Extend.h */,
				6103F7D2230E76C200C1D1CA /* PKLandscapeViewController+Extend.m */,
			);
			path = controllers;
			sourceTree = "<group>";
		};
		61AA71F322D80DBB005E714A /* data */ = {
			isa = PBXGroup;
			children = (
				6103F7D6230FD5AA00C1D1CA /* pk_dayKline_data.plist */,
				6103F7D4230EAFD300C1D1CA /* pk_times_data.plist */,
			);
			path = data;
			sourceTree = "<group>";
		};
		61AA71F622D80DFE005E714A /* model */ = {
			isa = PBXGroup;
			children = (
				61AA71F722D80FE3005E714A /* PKStockObjects.h */,
				61AA71F822D80FE3005E714A /* PKStockObjects.m */,
			);
			path = model;
			sourceTree = "<group>";
		};
		61CC99E922D751FD004FC918 /* categories */ = {
			isa = PBXGroup;
			children = (
				61CC99ED22D755FB004FC918 /* PKChartCategories.h */,
				61CC99EA22D75280004FC918 /* NSValue+PKGeometry.h */,
				61CC99EB22D75280004FC918 /* NSValue+PKGeometry.m */,
				613A8E3922D7170D006A19CA /* NSArray+PKStockChart.h */,
				613A8E3122D7170C006A19CA /* NSArray+PKStockChart.m */,
				613A8E3322D7170C006A19CA /* NSNumber+PKStockChart.h */,
				613A8E3C22D7170D006A19CA /* NSNumber+PKStockChart.m */,
				613A8E3F22D7170E006A19CA /* NSDate+PKStockChart.h */,
				613A8E3522D7170D006A19CA /* NSDate+PKStockChart.m */,
				613A8E3822D7170D006A19CA /* NSMutableAttributedString+PKStockChart.h */,
				613A8E3A22D7170D006A19CA /* NSMutableAttributedString+PKStockChart.m */,
				613A8E3022D7170C006A19CA /* UIBezierPath+PKStockChart.h */,
				613A8E3222D7170C006A19CA /* UIBezierPath+PKStockChart.m */,
			);
			path = categories;
			sourceTree = "<group>";
		};
		61CFE00222DC215F001899D4 /* async_todo */ = {
			isa = PBXGroup;
			children = (
				61AD16FB2302589900EF0D06 /* PKTimePileTapeLayer.h */,
				61AD16FC2302589900EF0D06 /* PKTimePileTapeLayer.m */,
				611EF78422F166EE00F6AAFC /* PKAsyncTimeChart.h */,
				611EF78522F166EE00F6AAFC /* PKAsyncTimeChart.m */,
				611EF77222EEB50800F6AAFC /* PKAsyncTimeLayer.h */,
				611EF77322EEB50800F6AAFC /* PKAsyncTimeLayer.m */,
			);
			path = async_todo;
			sourceTree = "<group>";
		};
		61D0C45E22D2DA8A009FEABD = {
			isa = PBXGroup;
			children = (
				61D0C46922D2DA8A009FEABD /* PKStockCharts */,
				61D0C48222D2DA8C009FEABD /* PKStockChartsTests */,
				61D0C48D22D2DA8C009FEABD /* PKStockChartsUITests */,
				61D0C46822D2DA8A009FEABD /* Products */,
				6C05238F3ACBACC57B425836 /* Pods */,
				91648B3EB0DE97271592797E /* Frameworks */,
			);
			sourceTree = "<group>";
		};
		61D0C46822D2DA8A009FEABD /* Products */ = {
			isa = PBXGroup;
			children = (
				61D0C46722D2DA8A009FEABD /* PKStockCharts.app */,
				61D0C47F22D2DA8C009FEABD /* PKStockChartsTests.xctest */,
				61D0C48A22D2DA8C009FEABD /* PKStockChartsUITests.xctest */,
			);
			name = Products;
			sourceTree = "<group>";
		};
		61D0C46922D2DA8A009FEABD /* PKStockCharts */ = {
			isa = PBXGroup;
			children = (
				613A8E2522D7128B006A19CA /* classess */,
				613A8E5922D72015006A19CA /* example */,
				61D0C46A22D2DA8A009FEABD /* AppDelegate.h */,
				61D0C46B22D2DA8A009FEABD /* AppDelegate.m */,
				61D0C46D22D2DA8A009FEABD /* ViewController.h */,
				61D0C46E22D2DA8A009FEABD /* ViewController.m */,
				61D0C47022D2DA8A009FEABD /* Main.storyboard */,
				61D0C47322D2DA8C009FEABD /* Assets.xcassets */,
				61D0C47522D2DA8C009FEABD /* LaunchScreen.storyboard */,
				61D0C47822D2DA8C009FEABD /* Info.plist */,
				61D0C47922D2DA8C009FEABD /* main.m */,
				6103F7D0230E6C3E00C1D1CA /* PKStockChartsPrefixHeader.pch */,
			);
			path = PKStockCharts;
			sourceTree = "<group>";
		};
		61D0C48222D2DA8C009FEABD /* PKStockChartsTests */ = {
			isa = PBXGroup;
			children = (
				61D0C48322D2DA8C009FEABD /* PKStockChartsTests.m */,
				61D0C48522D2DA8C009FEABD /* Info.plist */,
			);
			path = PKStockChartsTests;
			sourceTree = "<group>";
		};
		61D0C48D22D2DA8C009FEABD /* PKStockChartsUITests */ = {
			isa = PBXGroup;
			children = (
				61D0C48E22D2DA8C009FEABD /* PKStockChartsUITests.m */,
				61D0C49022D2DA8C009FEABD /* Info.plist */,
			);
			path = PKStockChartsUITests;
			sourceTree = "<group>";
		};
		6C05238F3ACBACC57B425836 /* Pods */ = {
			isa = PBXGroup;
			children = (
				9E6A5CBB7AEE6A0F4A1522A8 /* Pods-PKStockCharts.debug.xcconfig */,
				3C1E44A037234B09D13DBD2D /* Pods-PKStockCharts.release.xcconfig */,
			);
			name = Pods;
			sourceTree = "<group>";
		};
		91648B3EB0DE97271592797E /* Frameworks */ = {
			isa = PBXGroup;
			children = (
				B39518585D872658AE87DF19 /* libPods-PKStockCharts.a */,
			);
			name = Frameworks;
			sourceTree = "<group>";
		};
/* End PBXGroup section */

/* Begin PBXNativeTarget section */
		61D0C46622D2DA8A009FEABD /* PKStockCharts */ = {
			isa = PBXNativeTarget;
			buildConfigurationList = 61D0C49322D2DA8C009FEABD /* Build configuration list for PBXNativeTarget "PKStockCharts" */;
			buildPhases = (
				6EC164AA7CCFF375409F1EDA /* [CP] Check Pods Manifest.lock */,
				61D0C46322D2DA8A009FEABD /* Sources */,
				61D0C46422D2DA8A009FEABD /* Frameworks */,
				61D0C46522D2DA8A009FEABD /* Resources */,
			);
			buildRules = (
			);
			dependencies = (
			);
			name = PKStockCharts;
			productName = PKStockCharts;
			productReference = 61D0C46722D2DA8A009FEABD /* PKStockCharts.app */;
			productType = "com.apple.product-type.application";
		};
		61D0C47E22D2DA8C009FEABD /* PKStockChartsTests */ = {
			isa = PBXNativeTarget;
			buildConfigurationList = 61D0C49622D2DA8C009FEABD /* Build configuration list for PBXNativeTarget "PKStockChartsTests" */;
			buildPhases = (
				61D0C47B22D2DA8C009FEABD /* Sources */,
				61D0C47C22D2DA8C009FEABD /* Frameworks */,
				61D0C47D22D2DA8C009FEABD /* Resources */,
			);
			buildRules = (
			);
			dependencies = (
				61D0C48122D2DA8C009FEABD /* PBXTargetDependency */,
			);
			name = PKStockChartsTests;
			productName = PKStockChartsTests;
			productReference = 61D0C47F22D2DA8C009FEABD /* PKStockChartsTests.xctest */;
			productType = "com.apple.product-type.bundle.unit-test";
		};
		61D0C48922D2DA8C009FEABD /* PKStockChartsUITests */ = {
			isa = PBXNativeTarget;
			buildConfigurationList = 61D0C49922D2DA8C009FEABD /* Build configuration list for PBXNativeTarget "PKStockChartsUITests" */;
			buildPhases = (
				61D0C48622D2DA8C009FEABD /* Sources */,
				61D0C48722D2DA8C009FEABD /* Frameworks */,
				61D0C48822D2DA8C009FEABD /* Resources */,
			);
			buildRules = (
			);
			dependencies = (
				61D0C48C22D2DA8C009FEABD /* PBXTargetDependency */,
			);
			name = PKStockChartsUITests;
			productName = PKStockChartsUITests;
			productReference = 61D0C48A22D2DA8C009FEABD /* PKStockChartsUITests.xctest */;
			productType = "com.apple.product-type.bundle.ui-testing";
		};
/* End PBXNativeTarget section */

/* Begin PBXProject section */
		61D0C45F22D2DA8A009FEABD /* Project object */ = {
			isa = PBXProject;
			attributes = {
				LastUpgradeCheck = 0930;
				ORGANIZATIONNAME = PsychokinesisTeam;
				TargetAttributes = {
					61D0C46622D2DA8A009FEABD = {
						CreatedOnToolsVersion = 9.3;
					};
					61D0C47E22D2DA8C009FEABD = {
						CreatedOnToolsVersion = 9.3;
						TestTargetID = 61D0C46622D2DA8A009FEABD;
					};
					61D0C48922D2DA8C009FEABD = {
						CreatedOnToolsVersion = 9.3;
						TestTargetID = 61D0C46622D2DA8A009FEABD;
					};
				};
			};
			buildConfigurationList = 61D0C46222D2DA8A009FEABD /* Build configuration list for PBXProject "PKStockCharts" */;
			compatibilityVersion = "Xcode 9.3";
			developmentRegion = en;
			hasScannedForEncodings = 0;
			knownRegions = (
				en,
				Base,
			);
			mainGroup = 61D0C45E22D2DA8A009FEABD;
			productRefGroup = 61D0C46822D2DA8A009FEABD /* Products */;
			projectDirPath = "";
			projectRoot = "";
			targets = (
				61D0C46622D2DA8A009FEABD /* PKStockCharts */,
				61D0C47E22D2DA8C009FEABD /* PKStockChartsTests */,
				61D0C48922D2DA8C009FEABD /* PKStockChartsUITests */,
			);
		};
/* End PBXProject section */

/* Begin PBXResourcesBuildPhase section */
		61D0C46522D2DA8A009FEABD /* Resources */ = {
			isa = PBXResourcesBuildPhase;
			buildActionMask = 2147483647;
			files = (
				61D0C47722D2DA8C009FEABD /* LaunchScreen.storyboard in Resources */,
				61D0C47422D2DA8C009FEABD /* Assets.xcassets in Resources */,
				6103F7D5230EAFD300C1D1CA /* pk_times_data.plist in Resources */,
				61D0C47222D2DA8A009FEABD /* Main.storyboard in Resources */,
				6103F7D7230FD5AA00C1D1CA /* pk_dayKline_data.plist in Resources */,
			);
			runOnlyForDeploymentPostprocessing = 0;
		};
		61D0C47D22D2DA8C009FEABD /* Resources */ = {
			isa = PBXResourcesBuildPhase;
			buildActionMask = 2147483647;
			files = (
			);
			runOnlyForDeploymentPostprocessing = 0;
		};
		61D0C48822D2DA8C009FEABD /* Resources */ = {
			isa = PBXResourcesBuildPhase;
			buildActionMask = 2147483647;
			files = (
			);
			runOnlyForDeploymentPostprocessing = 0;
		};
/* End PBXResourcesBuildPhase section */

/* Begin PBXShellScriptBuildPhase section */
		6EC164AA7CCFF375409F1EDA /* [CP] Check Pods Manifest.lock */ = {
			isa = PBXShellScriptBuildPhase;
			buildActionMask = 2147483647;
			files = (
			);
			inputPaths = (
				"${PODS_PODFILE_DIR_PATH}/Podfile.lock",
				"${PODS_ROOT}/Manifest.lock",
			);
			name = "[CP] Check Pods Manifest.lock";
			outputPaths = (
				"$(DERIVED_FILE_DIR)/Pods-PKStockCharts-checkManifestLockResult.txt",
			);
			runOnlyForDeploymentPostprocessing = 0;
			shellPath = /bin/sh;
			shellScript = "diff \"${PODS_PODFILE_DIR_PATH}/Podfile.lock\" \"${PODS_ROOT}/Manifest.lock\" > /dev/null\nif [ $? != 0 ] ; then\n    # print error to STDERR\n    echo \"error: The sandbox is not in sync with the Podfile.lock. Run 'pod install' or update your CocoaPods installation.\" >&2\n    exit 1\nfi\n# This output is used by Xcode 'outputs' to avoid re-running this script phase.\necho \"SUCCESS\" > \"${SCRIPT_OUTPUT_FILE_0}\"\n";
			showEnvVarsInLog = 0;
		};
/* End PBXShellScriptBuildPhase section */

/* Begin PBXSourcesBuildPhase section */
		61D0C46322D2DA8A009FEABD /* Sources */ = {
			isa = PBXSourcesBuildPhase;
			buildActionMask = 2147483647;
			files = (
				611EF6DD22E31AF100F6AAFC /* PKIndicatorEMALayer.m in Sources */,
				6103F7CB230E33BA00C1D1CA /* PKLandscapeViewController.m in Sources */,
				611EF6E322E31AF100F6AAFC /* PKIndicatorBaseLayer.m in Sources */,
				611EF6F422E31AF100F6AAFC /* PKKLineLoadingView.m in Sources */,
				611EF6DB22E31AF100F6AAFC /* PKIndicatorKDJLayer.m in Sources */,
				613A8E5822D71BB8006A19CA /* PKChartFlashingView.m in Sources */,
				611EF6F222E31AF100F6AAFC /* PKKLineChartSet.m in Sources */,
				611EF6E822E31AF100F6AAFC /* PKIndicatorMALayer.m in Sources */,
				611EF6F022E31AF100F6AAFC /* PKIndicatorBRARLayer.m in Sources */,
				611EF6F622E31AF100F6AAFC /* NSArray+PKIndicatorCacheCalculator.m in Sources */,
				61AD16F722FC1C3C00EF0D06 /* PKTimePileBaseLayer.m in Sources */,
				6103F7C8230E33A200C1D1CA /* PKBaseLandscapeViewController.m in Sources */,
				6103F7CF230E6AD700C1D1CA /* PKLandscapeTopTextView.m in Sources */,
				611EF6D822E31AF100F6AAFC /* PKIndicatorDMILayer.m in Sources */,
				613A8E6022D7209F006A19CA /* PKSegmentedSlideControl.m in Sources */,
				613A8E2C22D71438006A19CA /* PKExample1ViewController.m in Sources */,
				6103F7D3230E76C200C1D1CA /* PKLandscapeViewController+Extend.m in Sources */,
				611EF6EF22E31AF100F6AAFC /* PKIndicatorBOLLLayer.m in Sources */,
				613A8E5722D71BB8006A19CA /* PKTimeChartSet.m in Sources */,
				611EF6DF22E31AF100F6AAFC /* PKIndicatorIdentifier.m in Sources */,
				61AD16FA22FD3FB100EF0D06 /* PKChartGradientLayer.m in Sources */,
				611EF6EC22E31AF100F6AAFC /* PKIndicatorSARLayer.m in Sources */,
				611EF6E022E31AF100F6AAFC /* PKIndicatorMACDLayer.m in Sources */,
				611EF6EB22E31AF100F6AAFC /* PKIndicatorChartSet.m in Sources */,
				611EF6E522E31AF100F6AAFC /* PKIndicatorASILayer.m in Sources */,
				61CC99EC22D75280004FC918 /* NSValue+PKGeometry.m in Sources */,
				611EF6E922E31AF100F6AAFC /* PKIndicatorRSILayer.m in Sources */,
				611EF6F722E31AF100F6AAFC /* PKIndicatorCacheCalculator.m in Sources */,
				61D0C46F22D2DA8A009FEABD /* ViewController.m in Sources */,
				613A8E5522D71BB8006A19CA /* PKTimeBaseChart.m in Sources */,
				611EF6ED22E31AF100F6AAFC /* PKIndicatorVOLLayer.m in Sources */,
				611EF6D622E31AF100F6AAFC /* PKIndicatorPSYLayer.m in Sources */,
				611EF78622F166EE00F6AAFC /* PKAsyncTimeChart.m in Sources */,
				613A8E5622D71BB8006A19CA /* PKTimeChart.m in Sources */,
				611EF6F322E31AF100F6AAFC /* PKKLineChart.m in Sources */,
				61AD17002302A53400EF0D06 /* PKTimePileIndexLayer.m in Sources */,
				611EF6EA22E31AF100F6AAFC /* PKIndicatorCCILayer.m in Sources */,
				613A8E4522D7170E006A19CA /* PKChartTextLayer.m in Sources */,
				613A8E4822D7170E006A19CA /* PKChartConst.m in Sources */,
				611EF6D722E31AF100F6AAFC /* PKIndicatorWVADLayer.m in Sources */,
				613A8E4722D7170E006A19CA /* PKChartCrosshairView.m in Sources */,
				611EF6EE22E31AF100F6AAFC /* PKIndicatorEMVLayer.m in Sources */,
				611EF6DC22E31AF100F6AAFC /* PKIndicatorOBVLayer.m in Sources */,
				613A8E4222D7170E006A19CA /* NSDate+PKStockChart.m in Sources */,
				61D0C47A22D2DA8C009FEABD /* main.m in Sources */,
				613A8E5F22D7209F006A19CA /* PKSegmentedControl.m in Sources */,
				61AD16FD2302589900EF0D06 /* PKTimePileTapeLayer.m in Sources */,
				611EF6DE22E31AF100F6AAFC /* PKIndicatorDMALayer.m in Sources */,
				613A8E4622D7170E006A19CA /* NSNumber+PKStockChart.m in Sources */,
				611EF6D922E31AF100F6AAFC /* PKIndicatorCycler.m in Sources */,
				611EF6E222E31AF100F6AAFC /* PKIndicatorVRLayer.m in Sources */,
				611EF6E122E31AF100F6AAFC /* PKIndicatorCRLayer.m in Sources */,
				611EF77422EEB50800F6AAFC /* PKAsyncTimeLayer.m in Sources */,
				611EF6E422E31AF100F6AAFC /* PKIndicatorBIASLayer.m in Sources */,
				611EF6E622E31AF100F6AAFC /* PKIndicatorROCLayer.m in Sources */,
				611EF6E722E31AF100F6AAFC /* PKIndicatorWRLayer.m in Sources */,
				61D0C46C22D2DA8A009FEABD /* AppDelegate.m in Sources */,
				61AA71F922D80FE3005E714A /* PKStockObjects.m in Sources */,
				613A8E4122D7170E006A19CA /* UIBezierPath+PKStockChart.m in Sources */,
				611EF6F522E31AF100F6AAFC /* PKIndicatorCacheItem.m in Sources */,
				611EF6F122E31AF100F6AAFC /* PKKLineBaseChart.m in Sources */,
				611EF6DA22E31AF100F6AAFC /* PKIndicatorTRIXLayer.m in Sources */,
				613A8E4022D7170E006A19CA /* NSArray+PKStockChart.m in Sources */,
				613A8E4422D7170E006A19CA /* NSMutableAttributedString+PKStockChart.m in Sources */,
			);
			runOnlyForDeploymentPostprocessing = 0;
		};
		61D0C47B22D2DA8C009FEABD /* Sources */ = {
			isa = PBXSourcesBuildPhase;
			buildActionMask = 2147483647;
			files = (
				61D0C48422D2DA8C009FEABD /* PKStockChartsTests.m in Sources */,
			);
			runOnlyForDeploymentPostprocessing = 0;
		};
		61D0C48622D2DA8C009FEABD /* Sources */ = {
			isa = PBXSourcesBuildPhase;
			buildActionMask = 2147483647;
			files = (
				61D0C48F22D2DA8C009FEABD /* PKStockChartsUITests.m in Sources */,
			);
			runOnlyForDeploymentPostprocessing = 0;
		};
/* End PBXSourcesBuildPhase section */

/* Begin PBXTargetDependency section */
		61D0C48122D2DA8C009FEABD /* PBXTargetDependency */ = {
			isa = PBXTargetDependency;
			target = 61D0C46622D2DA8A009FEABD /* PKStockCharts */;
			targetProxy = 61D0C48022D2DA8C009FEABD /* PBXContainerItemProxy */;
		};
		61D0C48C22D2DA8C009FEABD /* PBXTargetDependency */ = {
			isa = PBXTargetDependency;
			target = 61D0C46622D2DA8A009FEABD /* PKStockCharts */;
			targetProxy = 61D0C48B22D2DA8C009FEABD /* PBXContainerItemProxy */;
		};
/* End PBXTargetDependency section */

/* Begin PBXVariantGroup section */
		61D0C47022D2DA8A009FEABD /* Main.storyboard */ = {
			isa = PBXVariantGroup;
			children = (
				61D0C47122D2DA8A009FEABD /* Base */,
			);
			name = Main.storyboard;
			sourceTree = "<group>";
		};
		61D0C47522D2DA8C009FEABD /* LaunchScreen.storyboard */ = {
			isa = PBXVariantGroup;
			children = (
				61D0C47622D2DA8C009FEABD /* Base */,
			);
			name = LaunchScreen.storyboard;
			sourceTree = "<group>";
		};
/* End PBXVariantGroup section */

/* Begin XCBuildConfiguration section */
		61D0C49122D2DA8C009FEABD /* Debug */ = {
			isa = XCBuildConfiguration;
			buildSettings = {
				ALWAYS_SEARCH_USER_PATHS = NO;
				CLANG_ANALYZER_NONNULL = YES;
				CLANG_ANALYZER_NUMBER_OBJECT_CONVERSION = YES_AGGRESSIVE;
				CLANG_CXX_LANGUAGE_STANDARD = "gnu++14";
				CLANG_CXX_LIBRARY = "libc++";
				CLANG_ENABLE_MODULES = YES;
				CLANG_ENABLE_OBJC_ARC = YES;
				CLANG_ENABLE_OBJC_WEAK = YES;
				CLANG_WARN_BLOCK_CAPTURE_AUTORELEASING = YES;
				CLANG_WARN_BOOL_CONVERSION = YES;
				CLANG_WARN_COMMA = YES;
				CLANG_WARN_CONSTANT_CONVERSION = YES;
				CLANG_WARN_DEPRECATED_OBJC_IMPLEMENTATIONS = YES;
				CLANG_WARN_DIRECT_OBJC_ISA_USAGE = YES_ERROR;
				CLANG_WARN_DOCUMENTATION_COMMENTS = YES;
				CLANG_WARN_EMPTY_BODY = YES;
				CLANG_WARN_ENUM_CONVERSION = YES;
				CLANG_WARN_INFINITE_RECURSION = YES;
				CLANG_WARN_INT_CONVERSION = YES;
				CLANG_WARN_NON_LITERAL_NULL_CONVERSION = YES;
				CLANG_WARN_OBJC_IMPLICIT_RETAIN_SELF = YES;
				CLANG_WARN_OBJC_LITERAL_CONVERSION = YES;
				CLANG_WARN_OBJC_ROOT_CLASS = YES_ERROR;
				CLANG_WARN_RANGE_LOOP_ANALYSIS = YES;
				CLANG_WARN_STRICT_PROTOTYPES = YES;
				CLANG_WARN_SUSPICIOUS_MOVE = YES;
				CLANG_WARN_UNGUARDED_AVAILABILITY = YES_AGGRESSIVE;
				CLANG_WARN_UNREACHABLE_CODE = YES;
				CLANG_WARN__DUPLICATE_METHOD_MATCH = YES;
				CODE_SIGN_IDENTITY = "iPhone Developer";
				COPY_PHASE_STRIP = NO;
				DEBUG_INFORMATION_FORMAT = dwarf;
				ENABLE_STRICT_OBJC_MSGSEND = YES;
				ENABLE_TESTABILITY = YES;
				GCC_C_LANGUAGE_STANDARD = gnu11;
				GCC_DYNAMIC_NO_PIC = NO;
				GCC_NO_COMMON_BLOCKS = YES;
				GCC_OPTIMIZATION_LEVEL = 0;
				GCC_PREPROCESSOR_DEFINITIONS = (
					"DEBUG=1",
					"$(inherited)",
				);
				GCC_WARN_64_TO_32_BIT_CONVERSION = YES;
				GCC_WARN_ABOUT_RETURN_TYPE = YES_ERROR;
				GCC_WARN_UNDECLARED_SELECTOR = YES;
				GCC_WARN_UNINITIALIZED_AUTOS = YES_AGGRESSIVE;
				GCC_WARN_UNUSED_FUNCTION = YES;
				GCC_WARN_UNUSED_VARIABLE = YES;
				IPHONEOS_DEPLOYMENT_TARGET = 11.3;
				MTL_ENABLE_DEBUG_INFO = YES;
				ONLY_ACTIVE_ARCH = YES;
				SDKROOT = iphoneos;
			};
			name = Debug;
		};
		61D0C49222D2DA8C009FEABD /* Release */ = {
			isa = XCBuildConfiguration;
			buildSettings = {
				ALWAYS_SEARCH_USER_PATHS = NO;
				CLANG_ANALYZER_NONNULL = YES;
				CLANG_ANALYZER_NUMBER_OBJECT_CONVERSION = YES_AGGRESSIVE;
				CLANG_CXX_LANGUAGE_STANDARD = "gnu++14";
				CLANG_CXX_LIBRARY = "libc++";
				CLANG_ENABLE_MODULES = YES;
				CLANG_ENABLE_OBJC_ARC = YES;
				CLANG_ENABLE_OBJC_WEAK = YES;
				CLANG_WARN_BLOCK_CAPTURE_AUTORELEASING = YES;
				CLANG_WARN_BOOL_CONVERSION = YES;
				CLANG_WARN_COMMA = YES;
				CLANG_WARN_CONSTANT_CONVERSION = YES;
				CLANG_WARN_DEPRECATED_OBJC_IMPLEMENTATIONS = YES;
				CLANG_WARN_DIRECT_OBJC_ISA_USAGE = YES_ERROR;
				CLANG_WARN_DOCUMENTATION_COMMENTS = YES;
				CLANG_WARN_EMPTY_BODY = YES;
				CLANG_WARN_ENUM_CONVERSION = YES;
				CLANG_WARN_INFINITE_RECURSION = YES;
				CLANG_WARN_INT_CONVERSION = YES;
				CLANG_WARN_NON_LITERAL_NULL_CONVERSION = YES;
				CLANG_WARN_OBJC_IMPLICIT_RETAIN_SELF = YES;
				CLANG_WARN_OBJC_LITERAL_CONVERSION = YES;
				CLANG_WARN_OBJC_ROOT_CLASS = YES_ERROR;
				CLANG_WARN_RANGE_LOOP_ANALYSIS = YES;
				CLANG_WARN_STRICT_PROTOTYPES = YES;
				CLANG_WARN_SUSPICIOUS_MOVE = YES;
				CLANG_WARN_UNGUARDED_AVAILABILITY = YES_AGGRESSIVE;
				CLANG_WARN_UNREACHABLE_CODE = YES;
				CLANG_WARN__DUPLICATE_METHOD_MATCH = YES;
				CODE_SIGN_IDENTITY = "iPhone Developer";
				COPY_PHASE_STRIP = NO;
				DEBUG_INFORMATION_FORMAT = "dwarf-with-dsym";
				ENABLE_NS_ASSERTIONS = NO;
				ENABLE_STRICT_OBJC_MSGSEND = YES;
				GCC_C_LANGUAGE_STANDARD = gnu11;
				GCC_NO_COMMON_BLOCKS = YES;
				GCC_WARN_64_TO_32_BIT_CONVERSION = YES;
				GCC_WARN_ABOUT_RETURN_TYPE = YES_ERROR;
				GCC_WARN_UNDECLARED_SELECTOR = YES;
				GCC_WARN_UNINITIALIZED_AUTOS = YES_AGGRESSIVE;
				GCC_WARN_UNUSED_FUNCTION = YES;
				GCC_WARN_UNUSED_VARIABLE = YES;
				IPHONEOS_DEPLOYMENT_TARGET = 11.3;
				MTL_ENABLE_DEBUG_INFO = NO;
				SDKROOT = iphoneos;
				VALIDATE_PRODUCT = YES;
			};
			name = Release;
		};
		61D0C49422D2DA8C009FEABD /* Debug */ = {
			isa = XCBuildConfiguration;
			baseConfigurationReference = 9E6A5CBB7AEE6A0F4A1522A8 /* Pods-PKStockCharts.debug.xcconfig */;
			buildSettings = {
				ASSETCATALOG_COMPILER_APPICON_NAME = AppIcon;
				CODE_SIGN_STYLE = Automatic;
				DEVELOPMENT_TEAM = VT73DARZRD;
				GCC_PREFIX_HEADER = "$(SRCROOT)/PKStockCharts/PKStockChartsPrefixHeader.pch";
				INFOPLIST_FILE = PKStockCharts/Info.plist;
				IPHONEOS_DEPLOYMENT_TARGET = 10.1;
				LD_RUNPATH_SEARCH_PATHS = (
					"$(inherited)",
					"@executable_path/Frameworks",
				);
				PRODUCT_BUNDLE_IDENTIFIER = PsychokinesisTeam.PKStockCharts;
				PRODUCT_NAME = "$(TARGET_NAME)";
				TARGETED_DEVICE_FAMILY = "1,2";
			};
			name = Debug;
		};
		61D0C49522D2DA8C009FEABD /* Release */ = {
			isa = XCBuildConfiguration;
			baseConfigurationReference = 3C1E44A037234B09D13DBD2D /* Pods-PKStockCharts.release.xcconfig */;
			buildSettings = {
				ASSETCATALOG_COMPILER_APPICON_NAME = AppIcon;
				CODE_SIGN_STYLE = Automatic;
				DEVELOPMENT_TEAM = VT73DARZRD;
				GCC_PREFIX_HEADER = "$(SRCROOT)/PKStockCharts/PKStockChartsPrefixHeader.pch";
				INFOPLIST_FILE = PKStockCharts/Info.plist;
				IPHONEOS_DEPLOYMENT_TARGET = 10.1;
				LD_RUNPATH_SEARCH_PATHS = (
					"$(inherited)",
					"@executable_path/Frameworks",
				);
				PRODUCT_BUNDLE_IDENTIFIER = PsychokinesisTeam.PKStockCharts;
				PRODUCT_NAME = "$(TARGET_NAME)";
				TARGETED_DEVICE_FAMILY = "1,2";
			};
			name = Release;
		};
		61D0C49722D2DA8C009FEABD /* Debug */ = {
			isa = XCBuildConfiguration;
			buildSettings = {
				BUNDLE_LOADER = "$(TEST_HOST)";
				CODE_SIGN_STYLE = Automatic;
				DEVELOPMENT_TEAM = VT73DARZRD;
				INFOPLIST_FILE = PKStockChartsTests/Info.plist;
				LD_RUNPATH_SEARCH_PATHS = (
					"$(inherited)",
					"@executable_path/Frameworks",
					"@loader_path/Frameworks",
				);
				PRODUCT_BUNDLE_IDENTIFIER = PsychokinesisTeam.PKStockChartsTests;
				PRODUCT_NAME = "$(TARGET_NAME)";
				TARGETED_DEVICE_FAMILY = "1,2";
				TEST_HOST = "$(BUILT_PRODUCTS_DIR)/PKStockCharts.app/PKStockCharts";
			};
			name = Debug;
		};
		61D0C49822D2DA8C009FEABD /* Release */ = {
			isa = XCBuildConfiguration;
			buildSettings = {
				BUNDLE_LOADER = "$(TEST_HOST)";
				CODE_SIGN_STYLE = Automatic;
				DEVELOPMENT_TEAM = VT73DARZRD;
				INFOPLIST_FILE = PKStockChartsTests/Info.plist;
				LD_RUNPATH_SEARCH_PATHS = (
					"$(inherited)",
					"@executable_path/Frameworks",
					"@loader_path/Frameworks",
				);
				PRODUCT_BUNDLE_IDENTIFIER = PsychokinesisTeam.PKStockChartsTests;
				PRODUCT_NAME = "$(TARGET_NAME)";
				TARGETED_DEVICE_FAMILY = "1,2";
				TEST_HOST = "$(BUILT_PRODUCTS_DIR)/PKStockCharts.app/PKStockCharts";
			};
			name = Release;
		};
		61D0C49A22D2DA8C009FEABD /* Debug */ = {
			isa = XCBuildConfiguration;
			buildSettings = {
				CODE_SIGN_STYLE = Automatic;
				DEVELOPMENT_TEAM = VT73DARZRD;
				INFOPLIST_FILE = PKStockChartsUITests/Info.plist;
				LD_RUNPATH_SEARCH_PATHS = (
					"$(inherited)",
					"@executable_path/Frameworks",
					"@loader_path/Frameworks",
				);
				PRODUCT_BUNDLE_IDENTIFIER = PsychokinesisTeam.PKStockChartsUITests;
				PRODUCT_NAME = "$(TARGET_NAME)";
				TARGETED_DEVICE_FAMILY = "1,2";
				TEST_TARGET_NAME = PKStockCharts;
			};
			name = Debug;
		};
		61D0C49B22D2DA8C009FEABD /* Release */ = {
			isa = XCBuildConfiguration;
			buildSettings = {
				CODE_SIGN_STYLE = Automatic;
				DEVELOPMENT_TEAM = VT73DARZRD;
				INFOPLIST_FILE = PKStockChartsUITests/Info.plist;
				LD_RUNPATH_SEARCH_PATHS = (
					"$(inherited)",
					"@executable_path/Frameworks",
					"@loader_path/Frameworks",
				);
				PRODUCT_BUNDLE_IDENTIFIER = PsychokinesisTeam.PKStockChartsUITests;
				PRODUCT_NAME = "$(TARGET_NAME)";
				TARGETED_DEVICE_FAMILY = "1,2";
				TEST_TARGET_NAME = PKStockCharts;
			};
			name = Release;
		};
/* End XCBuildConfiguration section */

/* Begin XCConfigurationList section */
		61D0C46222D2DA8A009FEABD /* Build configuration list for PBXProject "PKStockCharts" */ = {
			isa = XCConfigurationList;
			buildConfigurations = (
				61D0C49122D2DA8C009FEABD /* Debug */,
				61D0C49222D2DA8C009FEABD /* Release */,
			);
			defaultConfigurationIsVisible = 0;
			defaultConfigurationName = Release;
		};
		61D0C49322D2DA8C009FEABD /* Build configuration list for PBXNativeTarget "PKStockCharts" */ = {
			isa = XCConfigurationList;
			buildConfigurations = (
				61D0C49422D2DA8C009FEABD /* Debug */,
				61D0C49522D2DA8C009FEABD /* Release */,
			);
			defaultConfigurationIsVisible = 0;
			defaultConfigurationName = Release;
		};
		61D0C49622D2DA8C009FEABD /* Build configuration list for PBXNativeTarget "PKStockChartsTests" */ = {
			isa = XCConfigurationList;
			buildConfigurations = (
				61D0C49722D2DA8C009FEABD /* Debug */,
				61D0C49822D2DA8C009FEABD /* Release */,
			);
			defaultConfigurationIsVisible = 0;
			defaultConfigurationName = Release;
		};
		61D0C49922D2DA8C009FEABD /* Build configuration list for PBXNativeTarget "PKStockChartsUITests" */ = {
			isa = XCConfigurationList;
			buildConfigurations = (
				61D0C49A22D2DA8C009FEABD /* Debug */,
				61D0C49B22D2DA8C009FEABD /* Release */,
			);
			defaultConfigurationIsVisible = 0;
			defaultConfigurationName = Release;
		};
/* End XCConfigurationList section */
	};
	rootObject = 61D0C45F22D2DA8A009FEABD /* Project object */;
}
