// !$*UTF8*$!
{
	archiveVersion = 1;
	classes = {
	};
	objectVersion = 46;
	objects = {

/* Begin PBXBuildFile section */
		3E2858B724A2ED42005C8690 /* hud_success_02.png in Resources */ = {isa = PBXBuildFile; fileRef = 3E2858AF24A2ED42005C8690 /* hud_success_02.png */; };
		3E2858B824A2ED42005C8690 /* hud_success_03.png in Resources */ = {isa = PBXBuildFile; fileRef = 3E2858B024A2ED42005C8690 /* hud_success_03.png */; };
		3E2858B924A2ED42005C8690 /* hud_success_01.png in Resources */ = {isa = PBXBuildFile; fileRef = 3E2858B124A2ED42005C8690 /* hud_success_01.png */; };
		3E2858BA24A2ED42005C8690 /* hud_loading_01.png in Resources */ = {isa = PBXBuildFile; fileRef = 3E2858B224A2ED42005C8690 /* hud_loading_01.png */; };
		3E2858BB24A2ED42005C8690 /* hud_loading_02.png in Resources */ = {isa = PBXBuildFile; fileRef = 3E2858B324A2ED42005C8690 /* hud_loading_02.png */; };
		3E2858BC24A2ED42005C8690 /* hud_loading_03.png in Resources */ = {isa = PBXBuildFile; fileRef = 3E2858B424A2ED42005C8690 /* hud_loading_03.png */; };
		3E2858BD24A2ED42005C8690 /* hud_failure_01.png in Resources */ = {isa = PBXBuildFile; fileRef = 3E2858B524A2ED42005C8690 /* hud_failure_01.png */; };
		3E2858BE24A2ED42005C8690 /* hud_failure_02.png in Resources */ = {isa = PBXBuildFile; fileRef = 3E2858B624A2ED42005C8690 /* hud_failure_02.png */; };
		6003F58E195388D20070C39A /* Foundation.framework in Frameworks */ = {isa = PBXBuildFile; fileRef = 6003F58D195388D20070C39A /* Foundation.framework */; };
		6003F590195388D20070C39A /* CoreGraphics.framework in Frameworks */ = {isa = PBXBuildFile; fileRef = 6003F58F195388D20070C39A /* CoreGraphics.framework */; };
		6003F592195388D20070C39A /* UIKit.framework in Frameworks */ = {isa = PBXBuildFile; fileRef = 6003F591195388D20070C39A /* UIKit.framework */; };
		6003F598195388D20070C39A /* InfoPlist.strings in Resources */ = {isa = PBXBuildFile; fileRef = 6003F596195388D20070C39A /* InfoPlist.strings */; };
		6003F59A195388D20070C39A /* main.m in Sources */ = {isa = PBXBuildFile; fileRef = 6003F599195388D20070C39A /* main.m */; };
		6003F59E195388D20070C39A /* PKAppDelegate.m in Sources */ = {isa = PBXBuildFile; fileRef = 6003F59D195388D20070C39A /* PKAppDelegate.m */; };
		6003F5A7195388D20070C39A /* PKViewController.m in Sources */ = {isa = PBXBuildFile; fileRef = 6003F5A6195388D20070C39A /* PKViewController.m */; };
		6003F5A9195388D20070C39A /* Images.xcassets in Resources */ = {isa = PBXBuildFile; fileRef = 6003F5A8195388D20070C39A /* Images.xcassets */; };
		6003F5B0195388D20070C39A /* XCTest.framework in Frameworks */ = {isa = PBXBuildFile; fileRef = 6003F5AF195388D20070C39A /* XCTest.framework */; };
		6003F5B1195388D20070C39A /* Foundation.framework in Frameworks */ = {isa = PBXBuildFile; fileRef = 6003F58D195388D20070C39A /* Foundation.framework */; };
		6003F5B2195388D20070C39A /* UIKit.framework in Frameworks */ = {isa = PBXBuildFile; fileRef = 6003F591195388D20070C39A /* UIKit.framework */; };
		6003F5BA195388D20070C39A /* InfoPlist.strings in Resources */ = {isa = PBXBuildFile; fileRef = 6003F5B8195388D20070C39A /* InfoPlist.strings */; };
		6003F5BC195388D20070C39A /* Tests.m in Sources */ = {isa = PBXBuildFile; fileRef = 6003F5BB195388D20070C39A /* Tests.m */; };
		610B1A3F21C12977003571A3 /* PKNextViewController.m in Sources */ = {isa = PBXBuildFile; fileRef = 610B1A3E21C12977003571A3 /* PKNextViewController.m */; };
		613560992590C2200053E482 /* TJProgressView.m in Sources */ = {isa = PBXBuildFile; fileRef = 613560982590C2200053E482 /* TJProgressView.m */; };
		6135609F2591E2950053E482 /* TJPickerView.m in Sources */ = {isa = PBXBuildFile; fileRef = 6135609E2591E2950053E482 /* TJPickerView.m */; };
		613560A2259338040053E482 /* TJPickerDataSource.m in Sources */ = {isa = PBXBuildFile; fileRef = 613560A1259338040053E482 /* TJPickerDataSource.m */; };
		613560A8259344190053E482 /* TJPickerYMDView.m in Sources */ = {isa = PBXBuildFile; fileRef = 613560A7259344190053E482 /* TJPickerYMDView.m */; };
		613560AE259362F20053E482 /* NSDate+TJPickerDate.m in Sources */ = {isa = PBXBuildFile; fileRef = 613560AD259362F20053E482 /* NSDate+TJPickerDate.m */; };
		614A36B7259AFDD70059268B /* TJWKWebViewTabController.m in Sources */ = {isa = PBXBuildFile; fileRef = 614A36B6259AFDD70059268B /* TJWKWebViewTabController.m */; };
		614A36BD259B0FC70059268B /* TJWKWebViewController.m in Sources */ = {isa = PBXBuildFile; fileRef = 614A36BC259B0FC70059268B /* TJWKWebViewController.m */; };
		614A36D0259C5BA40059268B /* TJPageController.m in Sources */ = {isa = PBXBuildFile; fileRef = 614A36CF259C5BA40059268B /* TJPageController.m */; };
		614A36DE259D71C30059268B /* Demo1ViewController.m in Sources */ = {isa = PBXBuildFile; fileRef = 614A36DD259D71C20059268B /* Demo1ViewController.m */; };
		614A36E1259D71CF0059268B /* Demo2ViewController.m in Sources */ = {isa = PBXBuildFile; fileRef = 614A36E0259D71CF0059268B /* Demo2ViewController.m */; };
		614A36E4259D71DB0059268B /* Demo3ViewController.m in Sources */ = {isa = PBXBuildFile; fileRef = 614A36E3259D71DB0059268B /* Demo3ViewController.m */; };
		614A36E8259DB7530059268B /* PKSegmentedSlideControl.m in Sources */ = {isa = PBXBuildFile; fileRef = 614A36E6259DB7520059268B /* PKSegmentedSlideControl.m */; };
		614A36EB259DBE310059268B /* Demo4ViewController.m in Sources */ = {isa = PBXBuildFile; fileRef = 614A36EA259DBE310059268B /* Demo4ViewController.m */; };
		614A36EE259DBE3E0059268B /* Demo5ViewController.m in Sources */ = {isa = PBXBuildFile; fileRef = 614A36ED259DBE3E0059268B /* Demo5ViewController.m */; };
		61574CC525A8713F00ADB2CA /* TJPickerViewCell.m in Sources */ = {isa = PBXBuildFile; fileRef = 61574CC425A8713F00ADB2CA /* TJPickerViewCell.m */; };
		616F67D1258A07A0006F42D8 /* TJProgressLayer.m in Sources */ = {isa = PBXBuildFile; fileRef = 616F67D0258A07A0006F42D8 /* TJProgressLayer.m */; };
		61CC99F022D81C18004FC918 /* pk_filesB.json in Resources */ = {isa = PBXBuildFile; fileRef = 61CC99EE22D81C18004FC918 /* pk_filesB.json */; };
		61CC99F122D81C18004FC918 /* pk_filesA.json in Resources */ = {isa = PBXBuildFile; fileRef = 61CC99EF22D81C18004FC918 /* pk_filesA.json */; };
		61D0C0292594705B00D76C2B /* TJStarRateView.m in Sources */ = {isa = PBXBuildFile; fileRef = 61D0C0282594705B00D76C2B /* TJStarRateView.m */; };
		61F8D3D42511A3D80088C290 /* MyCollectionViewCell.m in Sources */ = {isa = PBXBuildFile; fileRef = 61F8D3D32511A3D80088C290 /* MyCollectionViewCell.m */; };
		71719F9F1E33DC2100824A3D /* LaunchScreen.storyboard in Resources */ = {isa = PBXBuildFile; fileRef = 71719F9D1E33DC2100824A3D /* LaunchScreen.storyboard */; };
		873B8AEB1B1F5CCA007FD442 /* Main.storyboard in Resources */ = {isa = PBXBuildFile; fileRef = 873B8AEA1B1F5CCA007FD442 /* Main.storyboard */; };
		CD4B9D1732DCFB05FFA92B1B /* Pods_PKCategories_Tests.framework in Frameworks */ = {isa = PBXBuildFile; fileRef = C5F862D7274DA445CE508EE4 /* Pods_PKCategories_Tests.framework */; };
		E85041D3190F5B6736D105AF /* Pods_PKCategories_Example.framework in Frameworks */ = {isa = PBXBuildFile; fileRef = E683FF0BE3495AD410CB7EFE /* Pods_PKCategories_Example.framework */; };
/* End PBXBuildFile section */

/* Begin PBXContainerItemProxy section */
		6003F5B3195388D20070C39A /* PBXContainerItemProxy */ = {
			isa = PBXContainerItemProxy;
			containerPortal = 6003F582195388D10070C39A /* Project object */;
			proxyType = 1;
			remoteGlobalIDString = 6003F589195388D20070C39A;
			remoteInfo = PKCategories;
		};
/* End PBXContainerItemProxy section */

/* Begin PBXFileReference section */
		0E517E249F7B0382063AC517 /* Pods-PKCategories_Tests.release.xcconfig */ = {isa = PBXFileReference; includeInIndex = 1; lastKnownFileType = text.xcconfig; name = "Pods-PKCategories_Tests.release.xcconfig"; path = "Pods/Target Support Files/Pods-PKCategories_Tests/Pods-PKCategories_Tests.release.xcconfig"; sourceTree = "<group>"; };
		19D647FF31AB41A7C36FEA36 /* README.md */ = {isa = PBXFileReference; includeInIndex = 1; lastKnownFileType = net.daringfireball.markdown; name = README.md; path = ../README.md; sourceTree = "<group>"; };
		3E2858AF24A2ED42005C8690 /* hud_success_02.png */ = {isa = PBXFileReference; lastKnownFileType = image.png; path = hud_success_02.png; sourceTree = "<group>"; };
		3E2858B024A2ED42005C8690 /* hud_success_03.png */ = {isa = PBXFileReference; lastKnownFileType = image.png; path = hud_success_03.png; sourceTree = "<group>"; };
		3E2858B124A2ED42005C8690 /* hud_success_01.png */ = {isa = PBXFileReference; lastKnownFileType = image.png; path = hud_success_01.png; sourceTree = "<group>"; };
		3E2858B224A2ED42005C8690 /* hud_loading_01.png */ = {isa = PBXFileReference; lastKnownFileType = image.png; path = hud_loading_01.png; sourceTree = "<group>"; };
		3E2858B324A2ED42005C8690 /* hud_loading_02.png */ = {isa = PBXFileReference; lastKnownFileType = image.png; path = hud_loading_02.png; sourceTree = "<group>"; };
		3E2858B424A2ED42005C8690 /* hud_loading_03.png */ = {isa = PBXFileReference; lastKnownFileType = image.png; path = hud_loading_03.png; sourceTree = "<group>"; };
		3E2858B524A2ED42005C8690 /* hud_failure_01.png */ = {isa = PBXFileReference; lastKnownFileType = image.png; path = hud_failure_01.png; sourceTree = "<group>"; };
		3E2858B624A2ED42005C8690 /* hud_failure_02.png */ = {isa = PBXFileReference; lastKnownFileType = image.png; path = hud_failure_02.png; sourceTree = "<group>"; };
		6003F58A195388D20070C39A /* PKCategories_Example.app */ = {isa = PBXFileReference; explicitFileType = wrapper.application; includeInIndex = 0; path = PKCategories_Example.app; sourceTree = BUILT_PRODUCTS_DIR; };
		6003F58D195388D20070C39A /* Foundation.framework */ = {isa = PBXFileReference; lastKnownFileType = wrapper.framework; name = Foundation.framework; path = System/Library/Frameworks/Foundation.framework; sourceTree = SDKROOT; };
		6003F58F195388D20070C39A /* CoreGraphics.framework */ = {isa = PBXFileReference; lastKnownFileType = wrapper.framework; name = CoreGraphics.framework; path = System/Library/Frameworks/CoreGraphics.framework; sourceTree = SDKROOT; };
		6003F591195388D20070C39A /* UIKit.framework */ = {isa = PBXFileReference; lastKnownFileType = wrapper.framework; name = UIKit.framework; path = System/Library/Frameworks/UIKit.framework; sourceTree = SDKROOT; };
		6003F595195388D20070C39A /* PKCategories-Info.plist */ = {isa = PBXFileReference; lastKnownFileType = text.plist.xml; path = "PKCategories-Info.plist"; sourceTree = "<group>"; };
		6003F597195388D20070C39A /* en */ = {isa = PBXFileReference; lastKnownFileType = text.plist.strings; name = en; path = en.lproj/InfoPlist.strings; sourceTree = "<group>"; };
		6003F599195388D20070C39A /* main.m */ = {isa = PBXFileReference; lastKnownFileType = sourcecode.c.objc; path = main.m; sourceTree = "<group>"; };
		6003F59B195388D20070C39A /* PKCategories-Prefix.pch */ = {isa = PBXFileReference; lastKnownFileType = sourcecode.c.h; path = "PKCategories-Prefix.pch"; sourceTree = "<group>"; };
		6003F59C195388D20070C39A /* PKAppDelegate.h */ = {isa = PBXFileReference; lastKnownFileType = sourcecode.c.h; path = PKAppDelegate.h; sourceTree = "<group>"; };
		6003F59D195388D20070C39A /* PKAppDelegate.m */ = {isa = PBXFileReference; lastKnownFileType = sourcecode.c.objc; path = PKAppDelegate.m; sourceTree = "<group>"; };
		6003F5A5195388D20070C39A /* PKViewController.h */ = {isa = PBXFileReference; lastKnownFileType = sourcecode.c.h; path = PKViewController.h; sourceTree = "<group>"; };
		6003F5A6195388D20070C39A /* PKViewController.m */ = {isa = PBXFileReference; lastKnownFileType = sourcecode.c.objc; path = PKViewController.m; sourceTree = "<group>"; };
		6003F5A8195388D20070C39A /* Images.xcassets */ = {isa = PBXFileReference; lastKnownFileType = folder.assetcatalog; path = Images.xcassets; sourceTree = "<group>"; };
		6003F5AE195388D20070C39A /* PKCategories_Tests.xctest */ = {isa = PBXFileReference; explicitFileType = wrapper.cfbundle; includeInIndex = 0; path = PKCategories_Tests.xctest; sourceTree = BUILT_PRODUCTS_DIR; };
		6003F5AF195388D20070C39A /* XCTest.framework */ = {isa = PBXFileReference; lastKnownFileType = wrapper.framework; name = XCTest.framework; path = Library/Frameworks/XCTest.framework; sourceTree = DEVELOPER_DIR; };
		6003F5B7195388D20070C39A /* Tests-Info.plist */ = {isa = PBXFileReference; lastKnownFileType = text.plist.xml; path = "Tests-Info.plist"; sourceTree = "<group>"; };
		6003F5B9195388D20070C39A /* en */ = {isa = PBXFileReference; lastKnownFileType = text.plist.strings; name = en; path = en.lproj/InfoPlist.strings; sourceTree = "<group>"; };
		6003F5BB195388D20070C39A /* Tests.m */ = {isa = PBXFileReference; lastKnownFileType = sourcecode.c.objc; path = Tests.m; sourceTree = "<group>"; };
		606FC2411953D9B200FFA9A0 /* Tests-Prefix.pch */ = {isa = PBXFileReference; lastKnownFileType = sourcecode.c.h; path = "Tests-Prefix.pch"; sourceTree = "<group>"; };
		610B1A3D21C12977003571A3 /* PKNextViewController.h */ = {isa = PBXFileReference; lastKnownFileType = sourcecode.c.h; path = PKNextViewController.h; sourceTree = "<group>"; };
		610B1A3E21C12977003571A3 /* PKNextViewController.m */ = {isa = PBXFileReference; lastKnownFileType = sourcecode.c.objc; path = PKNextViewController.m; sourceTree = "<group>"; };
		613560972590C2200053E482 /* TJProgressView.h */ = {isa = PBXFileReference; lastKnownFileType = sourcecode.c.h; path = TJProgressView.h; sourceTree = "<group>"; };
		613560982590C2200053E482 /* TJProgressView.m */ = {isa = PBXFileReference; lastKnownFileType = sourcecode.c.objc; path = TJProgressView.m; sourceTree = "<group>"; };
		6135609D2591E2950053E482 /* TJPickerView.h */ = {isa = PBXFileReference; lastKnownFileType = sourcecode.c.h; path = TJPickerView.h; sourceTree = "<group>"; };
		6135609E2591E2950053E482 /* TJPickerView.m */ = {isa = PBXFileReference; lastKnownFileType = sourcecode.c.objc; path = TJPickerView.m; sourceTree = "<group>"; };
		613560A0259338040053E482 /* TJPickerDataSource.h */ = {isa = PBXFileReference; lastKnownFileType = sourcecode.c.h; path = TJPickerDataSource.h; sourceTree = "<group>"; };
		613560A1259338040053E482 /* TJPickerDataSource.m */ = {isa = PBXFileReference; lastKnownFileType = sourcecode.c.objc; path = TJPickerDataSource.m; sourceTree = "<group>"; };
		613560A6259344190053E482 /* TJPickerYMDView.h */ = {isa = PBXFileReference; lastKnownFileType = sourcecode.c.h; path = TJPickerYMDView.h; sourceTree = "<group>"; };
		613560A7259344190053E482 /* TJPickerYMDView.m */ = {isa = PBXFileReference; lastKnownFileType = sourcecode.c.objc; path = TJPickerYMDView.m; sourceTree = "<group>"; };
		613560AC259362F20053E482 /* NSDate+TJPickerDate.h */ = {isa = PBXFileReference; lastKnownFileType = sourcecode.c.h; path = "NSDate+TJPickerDate.h"; sourceTree = "<group>"; };
		613560AD259362F20053E482 /* NSDate+TJPickerDate.m */ = {isa = PBXFileReference; lastKnownFileType = sourcecode.c.objc; path = "NSDate+TJPickerDate.m"; sourceTree = "<group>"; };
		614A36B5259AFDD70059268B /* TJWKWebViewTabController.h */ = {isa = PBXFileReference; lastKnownFileType = sourcecode.c.h; path = TJWKWebViewTabController.h; sourceTree = "<group>"; };
		614A36B6259AFDD70059268B /* TJWKWebViewTabController.m */ = {isa = PBXFileReference; lastKnownFileType = sourcecode.c.objc; path = TJWKWebViewTabController.m; sourceTree = "<group>"; };
		614A36BB259B0FC70059268B /* TJWKWebViewController.h */ = {isa = PBXFileReference; lastKnownFileType = sourcecode.c.h; path = TJWKWebViewController.h; sourceTree = "<group>"; };
		614A36BC259B0FC70059268B /* TJWKWebViewController.m */ = {isa = PBXFileReference; lastKnownFileType = sourcecode.c.objc; path = TJWKWebViewController.m; sourceTree = "<group>"; };
		614A36CE259C5BA40059268B /* TJPageController.h */ = {isa = PBXFileReference; lastKnownFileType = sourcecode.c.h; path = TJPageController.h; sourceTree = "<group>"; };
		614A36CF259C5BA40059268B /* TJPageController.m */ = {isa = PBXFileReference; lastKnownFileType = sourcecode.c.objc; path = TJPageController.m; sourceTree = "<group>"; };
		614A36DC259D71C20059268B /* Demo1ViewController.h */ = {isa = PBXFileReference; lastKnownFileType = sourcecode.c.h; path = Demo1ViewController.h; sourceTree = "<group>"; };
		614A36DD259D71C20059268B /* Demo1ViewController.m */ = {isa = PBXFileReference; lastKnownFileType = sourcecode.c.objc; path = Demo1ViewController.m; sourceTree = "<group>"; };
		614A36DF259D71CF0059268B /* Demo2ViewController.h */ = {isa = PBXFileReference; lastKnownFileType = sourcecode.c.h; path = Demo2ViewController.h; sourceTree = "<group>"; };
		614A36E0259D71CF0059268B /* Demo2ViewController.m */ = {isa = PBXFileReference; lastKnownFileType = sourcecode.c.objc; path = Demo2ViewController.m; sourceTree = "<group>"; };
		614A36E2259D71DB0059268B /* Demo3ViewController.h */ = {isa = PBXFileReference; lastKnownFileType = sourcecode.c.h; path = Demo3ViewController.h; sourceTree = "<group>"; };
		614A36E3259D71DB0059268B /* Demo3ViewController.m */ = {isa = PBXFileReference; lastKnownFileType = sourcecode.c.objc; path = Demo3ViewController.m; sourceTree = "<group>"; };
		614A36E6259DB7520059268B /* PKSegmentedSlideControl.m */ = {isa = PBXFileReference; fileEncoding = 4; lastKnownFileType = sourcecode.c.objc; path = PKSegmentedSlideControl.m; sourceTree = "<group>"; };
		614A36E7259DB7530059268B /* PKSegmentedSlideControl.h */ = {isa = PBXFileReference; fileEncoding = 4; lastKnownFileType = sourcecode.c.h; path = PKSegmentedSlideControl.h; sourceTree = "<group>"; };
		614A36E9259DBE310059268B /* Demo4ViewController.h */ = {isa = PBXFileReference; lastKnownFileType = sourcecode.c.h; path = Demo4ViewController.h; sourceTree = "<group>"; };
		614A36EA259DBE310059268B /* Demo4ViewController.m */ = {isa = PBXFileReference; lastKnownFileType = sourcecode.c.objc; path = Demo4ViewController.m; sourceTree = "<group>"; };
		614A36EC259DBE3E0059268B /* Demo5ViewController.h */ = {isa = PBXFileReference; lastKnownFileType = sourcecode.c.h; path = Demo5ViewController.h; sourceTree = "<group>"; };
		614A36ED259DBE3E0059268B /* Demo5ViewController.m */ = {isa = PBXFileReference; lastKnownFileType = sourcecode.c.objc; path = Demo5ViewController.m; sourceTree = "<group>"; };
		61574CC325A8713F00ADB2CA /* TJPickerViewCell.h */ = {isa = PBXFileReference; lastKnownFileType = sourcecode.c.h; path = TJPickerViewCell.h; sourceTree = "<group>"; };
		61574CC425A8713F00ADB2CA /* TJPickerViewCell.m */ = {isa = PBXFileReference; lastKnownFileType = sourcecode.c.objc; path = TJPickerViewCell.m; sourceTree = "<group>"; };
		616F67CF258A07A0006F42D8 /* TJProgressLayer.h */ = {isa = PBXFileReference; lastKnownFileType = sourcecode.c.h; path = TJProgressLayer.h; sourceTree = "<group>"; };
		616F67D0258A07A0006F42D8 /* TJProgressLayer.m */ = {isa = PBXFileReference; lastKnownFileType = sourcecode.c.objc; path = TJProgressLayer.m; sourceTree = "<group>"; };
		61CC99EE22D81C18004FC918 /* pk_filesB.json */ = {isa = PBXFileReference; fileEncoding = 4; lastKnownFileType = text.json; path = pk_filesB.json; sourceTree = "<group>"; };
		61CC99EF22D81C18004FC918 /* pk_filesA.json */ = {isa = PBXFileReference; fileEncoding = 4; lastKnownFileType = text.json; path = pk_filesA.json; sourceTree = "<group>"; };
		61D0C0272594705B00D76C2B /* TJStarRateView.h */ = {isa = PBXFileReference; lastKnownFileType = sourcecode.c.h; path = TJStarRateView.h; sourceTree = "<group>"; };
		61D0C0282594705B00D76C2B /* TJStarRateView.m */ = {isa = PBXFileReference; lastKnownFileType = sourcecode.c.objc; path = TJStarRateView.m; sourceTree = "<group>"; };
		61F8D3D22511A3D80088C290 /* MyCollectionViewCell.h */ = {isa = PBXFileReference; lastKnownFileType = sourcecode.c.h; path = MyCollectionViewCell.h; sourceTree = "<group>"; };
		61F8D3D32511A3D80088C290 /* MyCollectionViewCell.m */ = {isa = PBXFileReference; lastKnownFileType = sourcecode.c.objc; path = MyCollectionViewCell.m; sourceTree = "<group>"; };
		71719F9E1E33DC2100824A3D /* Base */ = {isa = PBXFileReference; lastKnownFileType = file.storyboard; name = Base; path = Base.lproj/LaunchScreen.storyboard; sourceTree = "<group>"; };
		7A3C9F7635132F3C5E3437C9 /* PKCategories.podspec */ = {isa = PBXFileReference; includeInIndex = 1; lastKnownFileType = text; name = PKCategories.podspec; path = ../PKCategories.podspec; sourceTree = "<group>"; xcLanguageSpecificationIdentifier = xcode.lang.ruby; };
		800B758897BA2CD1176F8A19 /* Pods-PKCategories_Tests.debug.xcconfig */ = {isa = PBXFileReference; includeInIndex = 1; lastKnownFileType = text.xcconfig; name = "Pods-PKCategories_Tests.debug.xcconfig"; path = "Pods/Target Support Files/Pods-PKCategories_Tests/Pods-PKCategories_Tests.debug.xcconfig"; sourceTree = "<group>"; };
		846E5879F6266E77874B2056 /* Pods-PKCategories_Example.release.xcconfig */ = {isa = PBXFileReference; includeInIndex = 1; lastKnownFileType = text.xcconfig; name = "Pods-PKCategories_Example.release.xcconfig"; path = "Pods/Target Support Files/Pods-PKCategories_Example/Pods-PKCategories_Example.release.xcconfig"; sourceTree = "<group>"; };
		873B8AEA1B1F5CCA007FD442 /* Main.storyboard */ = {isa = PBXFileReference; fileEncoding = 4; lastKnownFileType = file.storyboard; name = Main.storyboard; path = Base.lproj/Main.storyboard; sourceTree = "<group>"; };
		9721880586AD196AAB5ED9EA /* LICENSE */ = {isa = PBXFileReference; includeInIndex = 1; lastKnownFileType = text; name = LICENSE; path = ../LICENSE; sourceTree = "<group>"; };
		C5F862D7274DA445CE508EE4 /* Pods_PKCategories_Tests.framework */ = {isa = PBXFileReference; explicitFileType = wrapper.framework; includeInIndex = 0; path = Pods_PKCategories_Tests.framework; sourceTree = BUILT_PRODUCTS_DIR; };
		DDDEF2CA91AF9FA2ED72B62D /* Pods-PKCategories_Example.debug.xcconfig */ = {isa = PBXFileReference; includeInIndex = 1; lastKnownFileType = text.xcconfig; name = "Pods-PKCategories_Example.debug.xcconfig"; path = "Pods/Target Support Files/Pods-PKCategories_Example/Pods-PKCategories_Example.debug.xcconfig"; sourceTree = "<group>"; };
		E683FF0BE3495AD410CB7EFE /* Pods_PKCategories_Example.framework */ = {isa = PBXFileReference; explicitFileType = wrapper.framework; includeInIndex = 0; path = Pods_PKCategories_Example.framework; sourceTree = BUILT_PRODUCTS_DIR; };
/* End PBXFileReference section */

/* Begin PBXFrameworksBuildPhase section */
		6003F587195388D20070C39A /* Frameworks */ = {
			isa = PBXFrameworksBuildPhase;
			buildActionMask = 2147483647;
			files = (
				6003F590195388D20070C39A /* CoreGraphics.framework in Frameworks */,
				6003F592195388D20070C39A /* UIKit.framework in Frameworks */,
				6003F58E195388D20070C39A /* Foundation.framework in Frameworks */,
				E85041D3190F5B6736D105AF /* Pods_PKCategories_Example.framework in Frameworks */,
			);
			runOnlyForDeploymentPostprocessing = 0;
		};
		6003F5AB195388D20070C39A /* Frameworks */ = {
			isa = PBXFrameworksBuildPhase;
			buildActionMask = 2147483647;
			files = (
				6003F5B0195388D20070C39A /* XCTest.framework in Frameworks */,
				6003F5B2195388D20070C39A /* UIKit.framework in Frameworks */,
				6003F5B1195388D20070C39A /* Foundation.framework in Frameworks */,
				CD4B9D1732DCFB05FFA92B1B /* Pods_PKCategories_Tests.framework in Frameworks */,
			);
			runOnlyForDeploymentPostprocessing = 0;
		};
/* End PBXFrameworksBuildPhase section */

/* Begin PBXGroup section */
		3E2858AE24A2ED42005C8690 /* HUD_imgs */ = {
			isa = PBXGroup;
			children = (
				3E2858AF24A2ED42005C8690 /* hud_success_02.png */,
				3E2858B024A2ED42005C8690 /* hud_success_03.png */,
				3E2858B124A2ED42005C8690 /* hud_success_01.png */,
				3E2858B224A2ED42005C8690 /* hud_loading_01.png */,
				3E2858B324A2ED42005C8690 /* hud_loading_02.png */,
				3E2858B424A2ED42005C8690 /* hud_loading_03.png */,
				3E2858B524A2ED42005C8690 /* hud_failure_01.png */,
				3E2858B624A2ED42005C8690 /* hud_failure_02.png */,
			);
			path = HUD_imgs;
			sourceTree = "<group>";
		};
		6003F581195388D10070C39A = {
			isa = PBXGroup;
			children = (
				616F67CB258A0766006F42D8 /* TJUIComponents */,
				3E2858AE24A2ED42005C8690 /* HUD_imgs */,
				60FF7A9C1954A5C5007DD14C /* Podspec Metadata */,
				6003F593195388D20070C39A /* Example for PKCategories */,
				6003F5B5195388D20070C39A /* Tests */,
				6003F58C195388D20070C39A /* Frameworks */,
				6003F58B195388D20070C39A /* Products */,
				69E773E89B7B0234FC5E92C6 /* Pods */,
			);
			sourceTree = "<group>";
		};
		6003F58B195388D20070C39A /* Products */ = {
			isa = PBXGroup;
			children = (
				6003F58A195388D20070C39A /* PKCategories_Example.app */,
				6003F5AE195388D20070C39A /* PKCategories_Tests.xctest */,
			);
			name = Products;
			sourceTree = "<group>";
		};
		6003F58C195388D20070C39A /* Frameworks */ = {
			isa = PBXGroup;
			children = (
				6003F58D195388D20070C39A /* Foundation.framework */,
				6003F58F195388D20070C39A /* CoreGraphics.framework */,
				6003F591195388D20070C39A /* UIKit.framework */,
				6003F5AF195388D20070C39A /* XCTest.framework */,
				E683FF0BE3495AD410CB7EFE /* Pods_PKCategories_Example.framework */,
				C5F862D7274DA445CE508EE4 /* Pods_PKCategories_Tests.framework */,
			);
			name = Frameworks;
			sourceTree = "<group>";
		};
		6003F593195388D20070C39A /* Example for PKCategories */ = {
			isa = PBXGroup;
			children = (
				614A36DC259D71C20059268B /* Demo1ViewController.h */,
				614A36DD259D71C20059268B /* Demo1ViewController.m */,
				614A36DF259D71CF0059268B /* Demo2ViewController.h */,
				614A36E0259D71CF0059268B /* Demo2ViewController.m */,
				614A36E2259D71DB0059268B /* Demo3ViewController.h */,
				614A36E3259D71DB0059268B /* Demo3ViewController.m */,
				614A36E9259DBE310059268B /* Demo4ViewController.h */,
				614A36EA259DBE310059268B /* Demo4ViewController.m */,
				614A36EC259DBE3E0059268B /* Demo5ViewController.h */,
				614A36ED259DBE3E0059268B /* Demo5ViewController.m */,
				6003F59C195388D20070C39A /* PKAppDelegate.h */,
				6003F59D195388D20070C39A /* PKAppDelegate.m */,
				873B8AEA1B1F5CCA007FD442 /* Main.storyboard */,
				6003F5A5195388D20070C39A /* PKViewController.h */,
				6003F5A6195388D20070C39A /* PKViewController.m */,
				610B1A3D21C12977003571A3 /* PKNextViewController.h */,
				610B1A3E21C12977003571A3 /* PKNextViewController.m */,
				61F8D3D22511A3D80088C290 /* MyCollectionViewCell.h */,
				61F8D3D32511A3D80088C290 /* MyCollectionViewCell.m */,
				71719F9D1E33DC2100824A3D /* LaunchScreen.storyboard */,
				6003F5A8195388D20070C39A /* Images.xcassets */,
				6003F594195388D20070C39A /* Supporting Files */,
			);
			name = "Example for PKCategories";
			path = PKCategories;
			sourceTree = "<group>";
		};
		6003F594195388D20070C39A /* Supporting Files */ = {
			isa = PBXGroup;
			children = (
				61CC99EF22D81C18004FC918 /* pk_filesA.json */,
				61CC99EE22D81C18004FC918 /* pk_filesB.json */,
				6003F595195388D20070C39A /* PKCategories-Info.plist */,
				6003F596195388D20070C39A /* InfoPlist.strings */,
				6003F599195388D20070C39A /* main.m */,
				6003F59B195388D20070C39A /* PKCategories-Prefix.pch */,
			);
			name = "Supporting Files";
			sourceTree = "<group>";
		};
		6003F5B5195388D20070C39A /* Tests */ = {
			isa = PBXGroup;
			children = (
				6003F5BB195388D20070C39A /* Tests.m */,
				6003F5B6195388D20070C39A /* Supporting Files */,
			);
			path = Tests;
			sourceTree = "<group>";
		};
		6003F5B6195388D20070C39A /* Supporting Files */ = {
			isa = PBXGroup;
			children = (
				6003F5B7195388D20070C39A /* Tests-Info.plist */,
				6003F5B8195388D20070C39A /* InfoPlist.strings */,
				606FC2411953D9B200FFA9A0 /* Tests-Prefix.pch */,
			);
			name = "Supporting Files";
			sourceTree = "<group>";
		};
		60FF7A9C1954A5C5007DD14C /* Podspec Metadata */ = {
			isa = PBXGroup;
			children = (
				7A3C9F7635132F3C5E3437C9 /* PKCategories.podspec */,
				19D647FF31AB41A7C36FEA36 /* README.md */,
				9721880586AD196AAB5ED9EA /* LICENSE */,
			);
			name = "Podspec Metadata";
			sourceTree = "<group>";
		};
		613560AF259446780053E482 /* TJPickerView */ = {
			isa = PBXGroup;
			children = (
				613560A0259338040053E482 /* TJPickerDataSource.h */,
				613560A1259338040053E482 /* TJPickerDataSource.m */,
				6135609D2591E2950053E482 /* TJPickerView.h */,
				6135609E2591E2950053E482 /* TJPickerView.m */,
				613560AC259362F20053E482 /* NSDate+TJPickerDate.h */,
				613560AD259362F20053E482 /* NSDate+TJPickerDate.m */,
				613560A6259344190053E482 /* TJPickerYMDView.h */,
				613560A7259344190053E482 /* TJPickerYMDView.m */,
				61574CC325A8713F00ADB2CA /* TJPickerViewCell.h */,
				61574CC425A8713F00ADB2CA /* TJPickerViewCell.m */,
			);
			path = TJPickerView;
			sourceTree = "<group>";
		};
		613560B02594481D0053E482 /* TJProgressView */ = {
			isa = PBXGroup;
			children = (
				616F67CF258A07A0006F42D8 /* TJProgressLayer.h */,
				616F67D0258A07A0006F42D8 /* TJProgressLayer.m */,
				613560972590C2200053E482 /* TJProgressView.h */,
				613560982590C2200053E482 /* TJProgressView.m */,
			);
			path = TJProgressView;
			sourceTree = "<group>";
		};
		614A3693259AB5E30059268B /* TJWKWebViewController */ = {
			isa = PBXGroup;
			children = (
				614A36BB259B0FC70059268B /* TJWKWebViewController.h */,
				614A36BC259B0FC70059268B /* TJWKWebViewController.m */,
				614A36B5259AFDD70059268B /* TJWKWebViewTabController.h */,
				614A36B6259AFDD70059268B /* TJWKWebViewTabController.m */,
			);
			path = TJWKWebViewController;
			sourceTree = "<group>";
		};
		614A36D1259C5BA80059268B /* TJPageController */ = {
			isa = PBXGroup;
			children = (
				614A36CE259C5BA40059268B /* TJPageController.h */,
				614A36CF259C5BA40059268B /* TJPageController.m */,
			);
			path = TJPageController;
			sourceTree = "<group>";
		};
		614A36E5259DB72B0059268B /* TJSegmentedControl */ = {
			isa = PBXGroup;
			children = (
				614A36E7259DB7530059268B /* PKSegmentedSlideControl.h */,
				614A36E6259DB7520059268B /* PKSegmentedSlideControl.m */,
			);
			path = TJSegmentedControl;
			sourceTree = "<group>";
		};
		616F67CB258A0766006F42D8 /* TJUIComponents */ = {
			isa = PBXGroup;
			children = (
				614A36E5259DB72B0059268B /* TJSegmentedControl */,
				614A36D1259C5BA80059268B /* TJPageController */,
				614A3693259AB5E30059268B /* TJWKWebViewController */,
				61D0C0262594704200D76C2B /* TJStarRateView */,
				613560B02594481D0053E482 /* TJProgressView */,
				613560AF259446780053E482 /* TJPickerView */,
			);
			path = TJUIComponents;
			sourceTree = "<group>";
		};
		61D0C0262594704200D76C2B /* TJStarRateView */ = {
			isa = PBXGroup;
			children = (
				61D0C0272594705B00D76C2B /* TJStarRateView.h */,
				61D0C0282594705B00D76C2B /* TJStarRateView.m */,
			);
			path = TJStarRateView;
			sourceTree = "<group>";
		};
		69E773E89B7B0234FC5E92C6 /* Pods */ = {
			isa = PBXGroup;
			children = (
				DDDEF2CA91AF9FA2ED72B62D /* Pods-PKCategories_Example.debug.xcconfig */,
				846E5879F6266E77874B2056 /* Pods-PKCategories_Example.release.xcconfig */,
				800B758897BA2CD1176F8A19 /* Pods-PKCategories_Tests.debug.xcconfig */,
				0E517E249F7B0382063AC517 /* Pods-PKCategories_Tests.release.xcconfig */,
			);
			name = Pods;
			sourceTree = "<group>";
		};
/* End PBXGroup section */

/* Begin PBXNativeTarget section */
		6003F589195388D20070C39A /* PKCategories_Example */ = {
			isa = PBXNativeTarget;
			buildConfigurationList = 6003F5BF195388D20070C39A /* Build configuration list for PBXNativeTarget "PKCategories_Example" */;
			buildPhases = (
				20513224295630C7F207E6AA /* [CP] Check Pods Manifest.lock */,
				6003F586195388D20070C39A /* Sources */,
				6003F587195388D20070C39A /* Frameworks */,
				6003F588195388D20070C39A /* Resources */,
				F8D2171AA97BCA06404C3822 /* [CP] Embed Pods Frameworks */,
			);
			buildRules = (
			);
			dependencies = (
			);
			name = PKCategories_Example;
			productName = PKCategories;
			productReference = 6003F58A195388D20070C39A /* PKCategories_Example.app */;
			productType = "com.apple.product-type.application";
		};
		6003F5AD195388D20070C39A /* PKCategories_Tests */ = {
			isa = PBXNativeTarget;
			buildConfigurationList = 6003F5C2195388D20070C39A /* Build configuration list for PBXNativeTarget "PKCategories_Tests" */;
			buildPhases = (
				1C0CD1E48A4AB73B90F49FA7 /* [CP] Check Pods Manifest.lock */,
				6003F5AA195388D20070C39A /* Sources */,
				6003F5AB195388D20070C39A /* Frameworks */,
				6003F5AC195388D20070C39A /* Resources */,
			);
			buildRules = (
			);
			dependencies = (
				6003F5B4195388D20070C39A /* PBXTargetDependency */,
			);
			name = PKCategories_Tests;
			productName = PKCategoriesTests;
			productReference = 6003F5AE195388D20070C39A /* PKCategories_Tests.xctest */;
			productType = "com.apple.product-type.bundle.unit-test";
		};
/* End PBXNativeTarget section */

/* Begin PBXProject section */
		6003F582195388D10070C39A /* Project object */ = {
			isa = PBXProject;
			attributes = {
				CLASSPREFIX = PK;
				LastUpgradeCheck = 1150;
				ORGANIZATIONNAME = "gren-beans";
				TargetAttributes = {
					6003F589195388D20070C39A = {
						DevelopmentTeam = X7C46W9MVD;
						LastSwiftMigration = 1150;
					};
					6003F5AD195388D20070C39A = {
						TestTargetID = 6003F589195388D20070C39A;
					};
				};
			};
			buildConfigurationList = 6003F585195388D10070C39A /* Build configuration list for PBXProject "PKCategories" */;
			compatibilityVersion = "Xcode 3.2";
			developmentRegion = en;
			hasScannedForEncodings = 0;
			knownRegions = (
				en,
				Base,
			);
			mainGroup = 6003F581195388D10070C39A;
			productRefGroup = 6003F58B195388D20070C39A /* Products */;
			projectDirPath = "";
			projectRoot = "";
			targets = (
				6003F589195388D20070C39A /* PKCategories_Example */,
				6003F5AD195388D20070C39A /* PKCategories_Tests */,
			);
		};
/* End PBXProject section */

/* Begin PBXResourcesBuildPhase section */
		6003F588195388D20070C39A /* Resources */ = {
			isa = PBXResourcesBuildPhase;
			buildActionMask = 2147483647;
			files = (
				3E2858B824A2ED42005C8690 /* hud_success_03.png in Resources */,
				3E2858BC24A2ED42005C8690 /* hud_loading_03.png in Resources */,
				873B8AEB1B1F5CCA007FD442 /* Main.storyboard in Resources */,
				61CC99F022D81C18004FC918 /* pk_filesB.json in Resources */,
				3E2858BE24A2ED42005C8690 /* hud_failure_02.png in Resources */,
				71719F9F1E33DC2100824A3D /* LaunchScreen.storyboard in Resources */,
				6003F5A9195388D20070C39A /* Images.xcassets in Resources */,
				3E2858BB24A2ED42005C8690 /* hud_loading_02.png in Resources */,
				61CC99F122D81C18004FC918 /* pk_filesA.json in Resources */,
				3E2858BD24A2ED42005C8690 /* hud_failure_01.png in Resources */,
				3E2858B724A2ED42005C8690 /* hud_success_02.png in Resources */,
				3E2858BA24A2ED42005C8690 /* hud_loading_01.png in Resources */,
				6003F598195388D20070C39A /* InfoPlist.strings in Resources */,
				3E2858B924A2ED42005C8690 /* hud_success_01.png in Resources */,
			);
			runOnlyForDeploymentPostprocessing = 0;
		};
		6003F5AC195388D20070C39A /* Resources */ = {
			isa = PBXResourcesBuildPhase;
			buildActionMask = 2147483647;
			files = (
				6003F5BA195388D20070C39A /* InfoPlist.strings in Resources */,
			);
			runOnlyForDeploymentPostprocessing = 0;
		};
/* End PBXResourcesBuildPhase section */

/* Begin PBXShellScriptBuildPhase section */
		1C0CD1E48A4AB73B90F49FA7 /* [CP] Check Pods Manifest.lock */ = {
			isa = PBXShellScriptBuildPhase;
			buildActionMask = 2147483647;
			files = (
			);
			inputPaths = (
				"${PODS_PODFILE_DIR_PATH}/Podfile.lock",
				"${PODS_ROOT}/Manifest.lock",
			);
			name = "[CP] Check Pods Manifest.lock";
			outputPaths = (
				"$(DERIVED_FILE_DIR)/Pods-PKCategories_Tests-checkManifestLockResult.txt",
			);
			runOnlyForDeploymentPostprocessing = 0;
			shellPath = /bin/sh;
			shellScript = "diff \"${PODS_PODFILE_DIR_PATH}/Podfile.lock\" \"${PODS_ROOT}/Manifest.lock\" > /dev/null\nif [ $? != 0 ] ; then\n    # print error to STDERR\n    echo \"error: The sandbox is not in sync with the Podfile.lock. Run 'pod install' or update your CocoaPods installation.\" >&2\n    exit 1\nfi\n# This output is used by Xcode 'outputs' to avoid re-running this script phase.\necho \"SUCCESS\" > \"${SCRIPT_OUTPUT_FILE_0}\"\n";
			showEnvVarsInLog = 0;
		};
		20513224295630C7F207E6AA /* [CP] Check Pods Manifest.lock */ = {
			isa = PBXShellScriptBuildPhase;
			buildActionMask = 2147483647;
			files = (
			);
			inputPaths = (
				"${PODS_PODFILE_DIR_PATH}/Podfile.lock",
				"${PODS_ROOT}/Manifest.lock",
			);
			name = "[CP] Check Pods Manifest.lock";
			outputPaths = (
				"$(DERIVED_FILE_DIR)/Pods-PKCategories_Example-checkManifestLockResult.txt",
			);
			runOnlyForDeploymentPostprocessing = 0;
			shellPath = /bin/sh;
			shellScript = "diff \"${PODS_PODFILE_DIR_PATH}/Podfile.lock\" \"${PODS_ROOT}/Manifest.lock\" > /dev/null\nif [ $? != 0 ] ; then\n    # print error to STDERR\n    echo \"error: The sandbox is not in sync with the Podfile.lock. Run 'pod install' or update your CocoaPods installation.\" >&2\n    exit 1\nfi\n# This output is used by Xcode 'outputs' to avoid re-running this script phase.\necho \"SUCCESS\" > \"${SCRIPT_OUTPUT_FILE_0}\"\n";
			showEnvVarsInLog = 0;
		};
		F8D2171AA97BCA06404C3822 /* [CP] Embed Pods Frameworks */ = {
			isa = PBXShellScriptBuildPhase;
			buildActionMask = 2147483647;
			files = (
			);
			inputPaths = (
				"${PODS_ROOT}/Target Support Files/Pods-PKCategories_Example/Pods-PKCategories_Example-frameworks.sh",
				"${BUILT_PRODUCTS_DIR}/Masonry/Masonry.framework",
				"${BUILT_PRODUCTS_DIR}/PKCategories/PKCategories.framework",
			);
			name = "[CP] Embed Pods Frameworks";
			outputPaths = (
				"${TARGET_BUILD_DIR}/${FRAMEWORKS_FOLDER_PATH}/Masonry.framework",
				"${TARGET_BUILD_DIR}/${FRAMEWORKS_FOLDER_PATH}/PKCategories.framework",
			);
			runOnlyForDeploymentPostprocessing = 0;
			shellPath = /bin/sh;
			shellScript = "\"${PODS_ROOT}/Target Support Files/Pods-PKCategories_Example/Pods-PKCategories_Example-frameworks.sh\"\n";
			showEnvVarsInLog = 0;
		};
/* End PBXShellScriptBuildPhase section */

/* Begin PBXSourcesBuildPhase section */
		6003F586195388D20070C39A /* Sources */ = {
			isa = PBXSourcesBuildPhase;
			buildActionMask = 2147483647;
			files = (
				613560AE259362F20053E482 /* NSDate+TJPickerDate.m in Sources */,
				613560A2259338040053E482 /* TJPickerDataSource.m in Sources */,
				6003F59E195388D20070C39A /* PKAppDelegate.m in Sources */,
				614A36E4259D71DB0059268B /* Demo3ViewController.m in Sources */,
				61574CC525A8713F00ADB2CA /* TJPickerViewCell.m in Sources */,
				614A36E1259D71CF0059268B /* Demo2ViewController.m in Sources */,
				613560992590C2200053E482 /* TJProgressView.m in Sources */,
				6003F5A7195388D20070C39A /* PKViewController.m in Sources */,
				614A36DE259D71C30059268B /* Demo1ViewController.m in Sources */,
				616F67D1258A07A0006F42D8 /* TJProgressLayer.m in Sources */,
				6135609F2591E2950053E482 /* TJPickerView.m in Sources */,
				614A36E8259DB7530059268B /* PKSegmentedSlideControl.m in Sources */,
				614A36B7259AFDD70059268B /* TJWKWebViewTabController.m in Sources */,
				614A36EB259DBE310059268B /* Demo4ViewController.m in Sources */,
				610B1A3F21C12977003571A3 /* PKNextViewController.m in Sources */,
				6003F59A195388D20070C39A /* main.m in Sources */,
				614A36BD259B0FC70059268B /* TJWKWebViewController.m in Sources */,
				614A36D0259C5BA40059268B /* TJPageController.m in Sources */,
				614A36EE259DBE3E0059268B /* Demo5ViewController.m in Sources */,
				613560A8259344190053E482 /* TJPickerYMDView.m in Sources */,
				61F8D3D42511A3D80088C290 /* MyCollectionViewCell.m in Sources */,
				61D0C0292594705B00D76C2B /* TJStarRateView.m in Sources */,
			);
			runOnlyForDeploymentPostprocessing = 0;
		};
		6003F5AA195388D20070C39A /* Sources */ = {
			isa = PBXSourcesBuildPhase;
			buildActionMask = 2147483647;
			files = (
				6003F5BC195388D20070C39A /* Tests.m in Sources */,
			);
			runOnlyForDeploymentPostprocessing = 0;
		};
/* End PBXSourcesBuildPhase section */

/* Begin PBXTargetDependency section */
		6003F5B4195388D20070C39A /* PBXTargetDependency */ = {
			isa = PBXTargetDependency;
			target = 6003F589195388D20070C39A /* PKCategories_Example */;
			targetProxy = 6003F5B3195388D20070C39A /* PBXContainerItemProxy */;
		};
/* End PBXTargetDependency section */

/* Begin PBXVariantGroup section */
		6003F596195388D20070C39A /* InfoPlist.strings */ = {
			isa = PBXVariantGroup;
			children = (
				6003F597195388D20070C39A /* en */,
			);
			name = InfoPlist.strings;
			sourceTree = "<group>";
		};
		6003F5B8195388D20070C39A /* InfoPlist.strings */ = {
			isa = PBXVariantGroup;
			children = (
				6003F5B9195388D20070C39A /* en */,
			);
			name = InfoPlist.strings;
			sourceTree = "<group>";
		};
		71719F9D1E33DC2100824A3D /* LaunchScreen.storyboard */ = {
			isa = PBXVariantGroup;
			children = (
				71719F9E1E33DC2100824A3D /* Base */,
			);
			name = LaunchScreen.storyboard;
			sourceTree = "<group>";
		};
/* End PBXVariantGroup section */

/* Begin XCBuildConfiguration section */
		6003F5BD195388D20070C39A /* Debug */ = {
			isa = XCBuildConfiguration;
			buildSettings = {
				ALWAYS_SEARCH_USER_PATHS = NO;
				CLANG_ANALYZER_LOCALIZABILITY_NONLOCALIZED = YES;
				CLANG_CXX_LANGUAGE_STANDARD = "gnu++0x";
				CLANG_CXX_LIBRARY = "libc++";
				CLANG_ENABLE_MODULES = YES;
				CLANG_ENABLE_OBJC_ARC = YES;
				CLANG_WARN_BLOCK_CAPTURE_AUTORELEASING = YES;
				CLANG_WARN_BOOL_CONVERSION = YES;
				CLANG_WARN_COMMA = YES;
				CLANG_WARN_CONSTANT_CONVERSION = YES;
				CLANG_WARN_DEPRECATED_OBJC_IMPLEMENTATIONS = YES;
				CLANG_WARN_DIRECT_OBJC_ISA_USAGE = YES_ERROR;
				CLANG_WARN_EMPTY_BODY = YES;
				CLANG_WARN_ENUM_CONVERSION = YES;
				CLANG_WARN_INFINITE_RECURSION = YES;
				CLANG_WARN_INT_CONVERSION = YES;
				CLANG_WARN_NON_LITERAL_NULL_CONVERSION = YES;
				CLANG_WARN_OBJC_IMPLICIT_RETAIN_SELF = YES;
				CLANG_WARN_OBJC_LITERAL_CONVERSION = YES;
				CLANG_WARN_OBJC_ROOT_CLASS = YES_ERROR;
				CLANG_WARN_RANGE_LOOP_ANALYSIS = YES;
				CLANG_WARN_STRICT_PROTOTYPES = YES;
				CLANG_WARN_SUSPICIOUS_MOVE = YES;
				CLANG_WARN_UNREACHABLE_CODE = YES;
				CLANG_WARN__DUPLICATE_METHOD_MATCH = YES;
				"CODE_SIGN_IDENTITY[sdk=iphoneos*]" = "iPhone Developer";
				COPY_PHASE_STRIP = NO;
				ENABLE_STRICT_OBJC_MSGSEND = YES;
				ENABLE_TESTABILITY = YES;
				GCC_C_LANGUAGE_STANDARD = gnu99;
				GCC_DYNAMIC_NO_PIC = NO;
				GCC_NO_COMMON_BLOCKS = YES;
				GCC_OPTIMIZATION_LEVEL = 0;
				GCC_PREPROCESSOR_DEFINITIONS = (
					"DEBUG=1",
					"$(inherited)",
				);
				GCC_SYMBOLS_PRIVATE_EXTERN = NO;
				GCC_WARN_64_TO_32_BIT_CONVERSION = YES;
				GCC_WARN_ABOUT_RETURN_TYPE = YES_ERROR;
				GCC_WARN_UNDECLARED_SELECTOR = YES;
				GCC_WARN_UNINITIALIZED_AUTOS = YES_AGGRESSIVE;
				GCC_WARN_UNUSED_FUNCTION = YES;
				GCC_WARN_UNUSED_VARIABLE = YES;
				IPHONEOS_DEPLOYMENT_TARGET = 9.3;
				ONLY_ACTIVE_ARCH = YES;
				SDKROOT = iphoneos;
				TARGETED_DEVICE_FAMILY = "1,2";
			};
			name = Debug;
		};
		6003F5BE195388D20070C39A /* Release */ = {
			isa = XCBuildConfiguration;
			buildSettings = {
				ALWAYS_SEARCH_USER_PATHS = NO;
				CLANG_ANALYZER_LOCALIZABILITY_NONLOCALIZED = YES;
				CLANG_CXX_LANGUAGE_STANDARD = "gnu++0x";
				CLANG_CXX_LIBRARY = "libc++";
				CLANG_ENABLE_MODULES = YES;
				CLANG_ENABLE_OBJC_ARC = YES;
				CLANG_WARN_BLOCK_CAPTURE_AUTORELEASING = YES;
				CLANG_WARN_BOOL_CONVERSION = YES;
				CLANG_WARN_COMMA = YES;
				CLANG_WARN_CONSTANT_CONVERSION = YES;
				CLANG_WARN_DEPRECATED_OBJC_IMPLEMENTATIONS = YES;
				CLANG_WARN_DIRECT_OBJC_ISA_USAGE = YES_ERROR;
				CLANG_WARN_EMPTY_BODY = YES;
				CLANG_WARN_ENUM_CONVERSION = YES;
				CLANG_WARN_INFINITE_RECURSION = YES;
				CLANG_WARN_INT_CONVERSION = YES;
				CLANG_WARN_NON_LITERAL_NULL_CONVERSION = YES;
				CLANG_WARN_OBJC_IMPLICIT_RETAIN_SELF = YES;
				CLANG_WARN_OBJC_LITERAL_CONVERSION = YES;
				CLANG_WARN_OBJC_ROOT_CLASS = YES_ERROR;
				CLANG_WARN_RANGE_LOOP_ANALYSIS = YES;
				CLANG_WARN_STRICT_PROTOTYPES = YES;
				CLANG_WARN_SUSPICIOUS_MOVE = YES;
				CLANG_WARN_UNREACHABLE_CODE = YES;
				CLANG_WARN__DUPLICATE_METHOD_MATCH = YES;
				"CODE_SIGN_IDENTITY[sdk=iphoneos*]" = "iPhone Developer";
				COPY_PHASE_STRIP = YES;
				ENABLE_NS_ASSERTIONS = NO;
				ENABLE_STRICT_OBJC_MSGSEND = YES;
				GCC_C_LANGUAGE_STANDARD = gnu99;
				GCC_NO_COMMON_BLOCKS = YES;
				GCC_WARN_64_TO_32_BIT_CONVERSION = YES;
				GCC_WARN_ABOUT_RETURN_TYPE = YES_ERROR;
				GCC_WARN_UNDECLARED_SELECTOR = YES;
				GCC_WARN_UNINITIALIZED_AUTOS = YES_AGGRESSIVE;
				GCC_WARN_UNUSED_FUNCTION = YES;
				GCC_WARN_UNUSED_VARIABLE = YES;
				IPHONEOS_DEPLOYMENT_TARGET = 9.3;
				SDKROOT = iphoneos;
				TARGETED_DEVICE_FAMILY = "1,2";
				VALIDATE_PRODUCT = YES;
			};
			name = Release;
		};
		6003F5C0195388D20070C39A /* Debug */ = {
			isa = XCBuildConfiguration;
			baseConfigurationReference = DDDEF2CA91AF9FA2ED72B62D /* Pods-PKCategories_Example.debug.xcconfig */;
			buildSettings = {
				ASSETCATALOG_COMPILER_APPICON_NAME = AppIcon;
				CLANG_ENABLE_MODULES = YES;
				DEVELOPMENT_TEAM = X7C46W9MVD;
				GCC_PRECOMPILE_PREFIX_HEADER = YES;
				GCC_PREFIX_HEADER = "PKCategories/PKCategories-Prefix.pch";
				INFOPLIST_FILE = "PKCategories/PKCategories-Info.plist";
				LD_RUNPATH_SEARCH_PATHS = "$(inherited) @executable_path/Frameworks";
				MODULE_NAME = ExampleApp;
				PRODUCT_BUNDLE_IDENTIFIER = "org.cocoapods.demo.${PRODUCT_NAME:rfc1034identifier}";
				PRODUCT_NAME = "$(TARGET_NAME)";
				SWIFT_OBJC_BRIDGING_HEADER = "TJUIComponents/PKCategories_Example-Bridging-Header.h";
				SWIFT_OPTIMIZATION_LEVEL = "-Onone";
				SWIFT_VERSION = 5.0;
				WRAPPER_EXTENSION = app;
			};
			name = Debug;
		};
		6003F5C1195388D20070C39A /* Release */ = {
			isa = XCBuildConfiguration;
			baseConfigurationReference = 846E5879F6266E77874B2056 /* Pods-PKCategories_Example.release.xcconfig */;
			buildSettings = {
				ASSETCATALOG_COMPILER_APPICON_NAME = AppIcon;
				CLANG_ENABLE_MODULES = YES;
				DEVELOPMENT_TEAM = X7C46W9MVD;
				GCC_PRECOMPILE_PREFIX_HEADER = YES;
				GCC_PREFIX_HEADER = "PKCategories/PKCategories-Prefix.pch";
				INFOPLIST_FILE = "PKCategories/PKCategories-Info.plist";
				LD_RUNPATH_SEARCH_PATHS = "$(inherited) @executable_path/Frameworks";
				MODULE_NAME = ExampleApp;
				PRODUCT_BUNDLE_IDENTIFIER = "org.cocoapods.demo.${PRODUCT_NAME:rfc1034identifier}";
				PRODUCT_NAME = "$(TARGET_NAME)";
				SWIFT_OBJC_BRIDGING_HEADER = "TJUIComponents/PKCategories_Example-Bridging-Header.h";
				SWIFT_VERSION = 5.0;
				WRAPPER_EXTENSION = app;
			};
			name = Release;
		};
		6003F5C3195388D20070C39A /* Debug */ = {
			isa = XCBuildConfiguration;
			baseConfigurationReference = 800B758897BA2CD1176F8A19 /* Pods-PKCategories_Tests.debug.xcconfig */;
			buildSettings = {
				BUNDLE_LOADER = "$(TEST_HOST)";
				FRAMEWORK_SEARCH_PATHS = (
					"$(SDKROOT)/Developer/Library/Frameworks",
					"$(inherited)",
					"$(DEVELOPER_FRAMEWORKS_DIR)",
				);
				GCC_PRECOMPILE_PREFIX_HEADER = YES;
				GCC_PREFIX_HEADER = "Tests/Tests-Prefix.pch";
				GCC_PREPROCESSOR_DEFINITIONS = (
					"DEBUG=1",
					"$(inherited)",
				);
				INFOPLIST_FILE = "Tests/Tests-Info.plist";
				PRODUCT_BUNDLE_IDENTIFIER = "org.cocoapods.demo.${PRODUCT_NAME:rfc1034identifier}";
				PRODUCT_NAME = "$(TARGET_NAME)";
				TEST_HOST = "$(BUILT_PRODUCTS_DIR)/PKCategories_Example.app/PKCategories_Example";
				WRAPPER_EXTENSION = xctest;
			};
			name = Debug;
		};
		6003F5C4195388D20070C39A /* Release */ = {
			isa = XCBuildConfiguration;
			baseConfigurationReference = 0E517E249F7B0382063AC517 /* Pods-PKCategories_Tests.release.xcconfig */;
			buildSettings = {
				BUNDLE_LOADER = "$(TEST_HOST)";
				FRAMEWORK_SEARCH_PATHS = (
					"$(SDKROOT)/Developer/Library/Frameworks",
					"$(inherited)",
					"$(DEVELOPER_FRAMEWORKS_DIR)",
				);
				GCC_PRECOMPILE_PREFIX_HEADER = YES;
				GCC_PREFIX_HEADER = "Tests/Tests-Prefix.pch";
				INFOPLIST_FILE = "Tests/Tests-Info.plist";
				PRODUCT_BUNDLE_IDENTIFIER = "org.cocoapods.demo.${PRODUCT_NAME:rfc1034identifier}";
				PRODUCT_NAME = "$(TARGET_NAME)";
				TEST_HOST = "$(BUILT_PRODUCTS_DIR)/PKCategories_Example.app/PKCategories_Example";
				WRAPPER_EXTENSION = xctest;
			};
			name = Release;
		};
/* End XCBuildConfiguration section */

/* Begin XCConfigurationList section */
		6003F585195388D10070C39A /* Build configuration list for PBXProject "PKCategories" */ = {
			isa = XCConfigurationList;
			buildConfigurations = (
				6003F5BD195388D20070C39A /* Debug */,
				6003F5BE195388D20070C39A /* Release */,
			);
			defaultConfigurationIsVisible = 0;
			defaultConfigurationName = Release;
		};
		6003F5BF195388D20070C39A /* Build configuration list for PBXNativeTarget "PKCategories_Example" */ = {
			isa = XCConfigurationList;
			buildConfigurations = (
				6003F5C0195388D20070C39A /* Debug */,
				6003F5C1195388D20070C39A /* Release */,
			);
			defaultConfigurationIsVisible = 0;
			defaultConfigurationName = Release;
		};
		6003F5C2195388D20070C39A /* Build configuration list for PBXNativeTarget "PKCategories_Tests" */ = {
			isa = XCConfigurationList;
			buildConfigurations = (
				6003F5C3195388D20070C39A /* Debug */,
				6003F5C4195388D20070C39A /* Release */,
			);
			defaultConfigurationIsVisible = 0;
			defaultConfigurationName = Release;
		};
/* End XCConfigurationList section */
	};
	rootObject = 6003F582195388D10070C39A /* Project object */;
}
